// !$*UTF8*$!
{
	archiveVersion = 1;
	classes = {
	};
	objectVersion = 46;
	objects = {

/* Begin PBXBuildFile section */
		FC785D62137D3F3400A68A98 /* NSObject+JSON.m in Sources */ = {isa = PBXBuildFile; fileRef = FC785D4C137D3F3400A68A98 /* NSObject+JSON.m */; };
		FC785D63137D3F3400A68A98 /* SBJsonParser.m in Sources */ = {isa = PBXBuildFile; fileRef = FC785D4F137D3F3400A68A98 /* SBJsonParser.m */; };
		FC785D64137D3F3400A68A98 /* SBJsonStreamParser.m in Sources */ = {isa = PBXBuildFile; fileRef = FC785D51137D3F3400A68A98 /* SBJsonStreamParser.m */; };
		FC785D65137D3F3400A68A98 /* SBJsonStreamParserAccumulator.m in Sources */ = {isa = PBXBuildFile; fileRef = FC785D53137D3F3400A68A98 /* SBJsonStreamParserAccumulator.m */; };
		FC785D66137D3F3400A68A98 /* SBJsonStreamParserAdapter.m in Sources */ = {isa = PBXBuildFile; fileRef = FC785D55137D3F3400A68A98 /* SBJsonStreamParserAdapter.m */; };
		FC785D67137D3F3400A68A98 /* SBJsonStreamParserState.m in Sources */ = {isa = PBXBuildFile; fileRef = FC785D57137D3F3400A68A98 /* SBJsonStreamParserState.m */; };
		FC785D68137D3F3400A68A98 /* SBJsonStreamWriter.m in Sources */ = {isa = PBXBuildFile; fileRef = FC785D59137D3F3400A68A98 /* SBJsonStreamWriter.m */; };
		FC785D69137D3F3400A68A98 /* SBJsonStreamWriterAccumulator.m in Sources */ = {isa = PBXBuildFile; fileRef = FC785D5B137D3F3400A68A98 /* SBJsonStreamWriterAccumulator.m */; };
		FC785D6A137D3F3400A68A98 /* SBJsonStreamWriterState.m in Sources */ = {isa = PBXBuildFile; fileRef = FC785D5D137D3F3400A68A98 /* SBJsonStreamWriterState.m */; };
		FC785D6B137D3F3400A68A98 /* SBJsonTokeniser.m in Sources */ = {isa = PBXBuildFile; fileRef = FC785D5F137D3F3400A68A98 /* SBJsonTokeniser.m */; };
		FC785D6C137D3F3400A68A98 /* SBJsonWriter.m in Sources */ = {isa = PBXBuildFile; fileRef = FC785D61137D3F3400A68A98 /* SBJsonWriter.m */; };
		FCD72DA2137C2CD00073EA7C /* UIKit.framework in Frameworks */ = {isa = PBXBuildFile; fileRef = FCD72DA1137C2CD00073EA7C /* UIKit.framework */; };
		FCD72DA4137C2CD00073EA7C /* Foundation.framework in Frameworks */ = {isa = PBXBuildFile; fileRef = FCD72DA3137C2CD00073EA7C /* Foundation.framework */; };
		FCD72DA6137C2CD00073EA7C /* CoreGraphics.framework in Frameworks */ = {isa = PBXBuildFile; fileRef = FCD72DA5137C2CD00073EA7C /* CoreGraphics.framework */; };
		FCD72DAC137C2CD10073EA7C /* InfoPlist.strings in Resources */ = {isa = PBXBuildFile; fileRef = FCD72DAA137C2CD10073EA7C /* InfoPlist.strings */; };
		FCD72DAF137C2CD10073EA7C /* main.m in Sources */ = {isa = PBXBuildFile; fileRef = FCD72DAE137C2CD10073EA7C /* main.m */; };
		FCD72DB2137C2CD10073EA7C /* TwitterApp2AppDelegate.m in Sources */ = {isa = PBXBuildFile; fileRef = FCD72DB1137C2CD10073EA7C /* TwitterApp2AppDelegate.m */; };
		FCD72DB5137C2CD10073EA7C /* MainWindow.xib in Resources */ = {isa = PBXBuildFile; fileRef = FCD72DB3137C2CD10073EA7C /* MainWindow.xib */; };
		FCD72DB8137C2CD10073EA7C /* TwitterApp2ViewController.m in Sources */ = {isa = PBXBuildFile; fileRef = FCD72DB7137C2CD10073EA7C /* TwitterApp2ViewController.m */; };
		FCD72DBB137C2CD10073EA7C /* TwitterApp2ViewController.xib in Resources */ = {isa = PBXBuildFile; fileRef = FCD72DB9137C2CD10073EA7C /* TwitterApp2ViewController.xib */; };
		FCD72DC2137C2CD10073EA7C /* UIKit.framework in Frameworks */ = {isa = PBXBuildFile; fileRef = FCD72DA1137C2CD00073EA7C /* UIKit.framework */; };
		FCD72DC3137C2CD10073EA7C /* Foundation.framework in Frameworks */ = {isa = PBXBuildFile; fileRef = FCD72DA3137C2CD00073EA7C /* Foundation.framework */; };
		FCD72DC4137C2CD10073EA7C /* CoreGraphics.framework in Frameworks */ = {isa = PBXBuildFile; fileRef = FCD72DA5137C2CD00073EA7C /* CoreGraphics.framework */; };
		FCD72DCC137C2CD10073EA7C /* InfoPlist.strings in Resources */ = {isa = PBXBuildFile; fileRef = FCD72DCA137C2CD10073EA7C /* InfoPlist.strings */; };
		FCD72DCF137C2CD10073EA7C /* TwitterApp2Tests.h in Resources */ = {isa = PBXBuildFile; fileRef = FCD72DCE137C2CD10073EA7C /* TwitterApp2Tests.h */; };
		FCD72DD1137C2CD10073EA7C /* TwitterApp2Tests.m in Sources */ = {isa = PBXBuildFile; fileRef = FCD72DD0137C2CD10073EA7C /* TwitterApp2Tests.m */; };
/* End PBXBuildFile section */

/* Begin PBXContainerItemProxy section */
		FCD72DC5137C2CD10073EA7C /* PBXContainerItemProxy */ = {
			isa = PBXContainerItemProxy;
			containerPortal = FCD72D94137C2CD00073EA7C /* Project object */;
			proxyType = 1;
			remoteGlobalIDString = FCD72D9C137C2CD00073EA7C;
			remoteInfo = TwitterApp2;
		};
/* End PBXContainerItemProxy section */

/* Begin PBXFileReference section */
		FC785D4A137D3F3400A68A98 /* JSON.h */ = {isa = PBXFileReference; fileEncoding = 4; lastKnownFileType = sourcecode.c.h; path = JSON.h; sourceTree = "<group>"; };
		FC785D4B137D3F3400A68A98 /* NSObject+JSON.h */ = {isa = PBXFileReference; fileEncoding = 4; lastKnownFileType = sourcecode.c.h; path = "NSObject+JSON.h"; sourceTree = "<group>"; };
		FC785D4C137D3F3400A68A98 /* NSObject+JSON.m */ = {isa = PBXFileReference; fileEncoding = 4; lastKnownFileType = sourcecode.c.objc; path = "NSObject+JSON.m"; sourceTree = "<group>"; };
		FC785D4D137D3F3400A68A98 /* SBJsonIncludes.h */ = {isa = PBXFileReference; fileEncoding = 4; lastKnownFileType = sourcecode.c.h; path = SBJsonIncludes.h; sourceTree = "<group>"; };
		FC785D4E137D3F3400A68A98 /* SBJsonParser.h */ = {isa = PBXFileReference; fileEncoding = 4; lastKnownFileType = sourcecode.c.h; path = SBJsonParser.h; sourceTree = "<group>"; };
		FC785D4F137D3F3400A68A98 /* SBJsonParser.m */ = {isa = PBXFileReference; fileEncoding = 4; lastKnownFileType = sourcecode.c.objc; path = SBJsonParser.m; sourceTree = "<group>"; };
		FC785D50137D3F3400A68A98 /* SBJsonStreamParser.h */ = {isa = PBXFileReference; fileEncoding = 4; lastKnownFileType = sourcecode.c.h; path = SBJsonStreamParser.h; sourceTree = "<group>"; };
		FC785D51137D3F3400A68A98 /* SBJsonStreamParser.m */ = {isa = PBXFileReference; fileEncoding = 4; lastKnownFileType = sourcecode.c.objc; path = SBJsonStreamParser.m; sourceTree = "<group>"; };
		FC785D52137D3F3400A68A98 /* SBJsonStreamParserAccumulator.h */ = {isa = PBXFileReference; fileEncoding = 4; lastKnownFileType = sourcecode.c.h; path = SBJsonStreamParserAccumulator.h; sourceTree = "<group>"; };
		FC785D53137D3F3400A68A98 /* SBJsonStreamParserAccumulator.m */ = {isa = PBXFileReference; fileEncoding = 4; lastKnownFileType = sourcecode.c.objc; path = SBJsonStreamParserAccumulator.m; sourceTree = "<group>"; };
		FC785D54137D3F3400A68A98 /* SBJsonStreamParserAdapter.h */ = {isa = PBXFileReference; fileEncoding = 4; lastKnownFileType = sourcecode.c.h; path = SBJsonStreamParserAdapter.h; sourceTree = "<group>"; };
		FC785D55137D3F3400A68A98 /* SBJsonStreamParserAdapter.m */ = {isa = PBXFileReference; fileEncoding = 4; lastKnownFileType = sourcecode.c.objc; path = SBJsonStreamParserAdapter.m; sourceTree = "<group>"; };
		FC785D56137D3F3400A68A98 /* SBJsonStreamParserState.h */ = {isa = PBXFileReference; fileEncoding = 4; lastKnownFileType = sourcecode.c.h; path = SBJsonStreamParserState.h; sourceTree = "<group>"; };
		FC785D57137D3F3400A68A98 /* SBJsonStreamParserState.m */ = {isa = PBXFileReference; fileEncoding = 4; lastKnownFileType = sourcecode.c.objc; path = SBJsonStreamParserState.m; sourceTree = "<group>"; };
		FC785D58137D3F3400A68A98 /* SBJsonStreamWriter.h */ = {isa = PBXFileReference; fileEncoding = 4; lastKnownFileType = sourcecode.c.h; path = SBJsonStreamWriter.h; sourceTree = "<group>"; };
		FC785D59137D3F3400A68A98 /* SBJsonStreamWriter.m */ = {isa = PBXFileReference; fileEncoding = 4; lastKnownFileType = sourcecode.c.objc; path = SBJsonStreamWriter.m; sourceTree = "<group>"; };
		FC785D5A137D3F3400A68A98 /* SBJsonStreamWriterAccumulator.h */ = {isa = PBXFileReference; fileEncoding = 4; lastKnownFileType = sourcecode.c.h; path = SBJsonStreamWriterAccumulator.h; sourceTree = "<group>"; };
		FC785D5B137D3F3400A68A98 /* SBJsonStreamWriterAccumulator.m */ = {isa = PBXFileReference; fileEncoding = 4; lastKnownFileType = sourcecode.c.objc; path = SBJsonStreamWriterAccumulator.m; sourceTree = "<group>"; };
		FC785D5C137D3F3400A68A98 /* SBJsonStreamWriterState.h */ = {isa = PBXFileReference; fileEncoding = 4; lastKnownFileType = sourcecode.c.h; path = SBJsonStreamWriterState.h; sourceTree = "<group>"; };
		FC785D5D137D3F3400A68A98 /* SBJsonStreamWriterState.m */ = {isa = PBXFileReference; fileEncoding = 4; lastKnownFileType = sourcecode.c.objc; path = SBJsonStreamWriterState.m; sourceTree = "<group>"; };
		FC785D5E137D3F3400A68A98 /* SBJsonTokeniser.h */ = {isa = PBXFileReference; fileEncoding = 4; lastKnownFileType = sourcecode.c.h; path = SBJsonTokeniser.h; sourceTree = "<group>"; };
		FC785D5F137D3F3400A68A98 /* SBJsonTokeniser.m */ = {isa = PBXFileReference; fileEncoding = 4; lastKnownFileType = sourcecode.c.objc; path = SBJsonTokeniser.m; sourceTree = "<group>"; };
		FC785D60137D3F3400A68A98 /* SBJsonWriter.h */ = {isa = PBXFileReference; fileEncoding = 4; lastKnownFileType = sourcecode.c.h; path = SBJsonWriter.h; sourceTree = "<group>"; };
		FC785D61137D3F3400A68A98 /* SBJsonWriter.m */ = {isa = PBXFileReference; fileEncoding = 4; lastKnownFileType = sourcecode.c.objc; path = SBJsonWriter.m; sourceTree = "<group>"; };
		FCD72D9D137C2CD00073EA7C /* TwitterApp2.app */ = {isa = PBXFileReference; explicitFileType = wrapper.application; includeInIndex = 0; path = TwitterApp2.app; sourceTree = BUILT_PRODUCTS_DIR; };
		FCD72DA1137C2CD00073EA7C /* UIKit.framework */ = {isa = PBXFileReference; lastKnownFileType = wrapper.framework; name = UIKit.framework; path = System/Library/Frameworks/UIKit.framework; sourceTree = SDKROOT; };
		FCD72DA3137C2CD00073EA7C /* Foundation.framework */ = {isa = PBXFileReference; lastKnownFileType = wrapper.framework; name = Foundation.framework; path = System/Library/Frameworks/Foundation.framework; sourceTree = SDKROOT; };
		FCD72DA5137C2CD00073EA7C /* CoreGraphics.framework */ = {isa = PBXFileReference; lastKnownFileType = wrapper.framework; name = CoreGraphics.framework; path = System/Library/Frameworks/CoreGraphics.framework; sourceTree = SDKROOT; };
		FCD72DA9137C2CD10073EA7C /* TwitterApp2-Info.plist */ = {isa = PBXFileReference; lastKnownFileType = text.plist.xml; path = "TwitterApp2-Info.plist"; sourceTree = "<group>"; };
		FCD72DAB137C2CD10073EA7C /* en */ = {isa = PBXFileReference; lastKnownFileType = text.plist.strings; name = en; path = en.lproj/InfoPlist.strings; sourceTree = "<group>"; };
		FCD72DAD137C2CD10073EA7C /* TwitterApp2-Prefix.pch */ = {isa = PBXFileReference; lastKnownFileType = sourcecode.c.h; path = "TwitterApp2-Prefix.pch"; sourceTree = "<group>"; };
		FCD72DAE137C2CD10073EA7C /* main.m */ = {isa = PBXFileReference; lastKnownFileType = sourcecode.c.objc; path = main.m; sourceTree = "<group>"; };
		FCD72DB0137C2CD10073EA7C /* TwitterApp2AppDelegate.h */ = {isa = PBXFileReference; lastKnownFileType = sourcecode.c.h; path = TwitterApp2AppDelegate.h; sourceTree = "<group>"; };
		FCD72DB1137C2CD10073EA7C /* TwitterApp2AppDelegate.m */ = {isa = PBXFileReference; lastKnownFileType = sourcecode.c.objc; path = TwitterApp2AppDelegate.m; sourceTree = "<group>"; };
		FCD72DB4137C2CD10073EA7C /* en */ = {isa = PBXFileReference; lastKnownFileType = file.xib; name = en; path = en.lproj/MainWindow.xib; sourceTree = "<group>"; };
		FCD72DB6137C2CD10073EA7C /* TwitterApp2ViewController.h */ = {isa = PBXFileReference; lastKnownFileType = sourcecode.c.h; path = TwitterApp2ViewController.h; sourceTree = "<group>"; };
		FCD72DB7137C2CD10073EA7C /* TwitterApp2ViewController.m */ = {isa = PBXFileReference; lastKnownFileType = sourcecode.c.objc; path = TwitterApp2ViewController.m; sourceTree = "<group>"; };
		FCD72DBA137C2CD10073EA7C /* en */ = {isa = PBXFileReference; lastKnownFileType = file.xib; name = en; path = en.lproj/TwitterApp2ViewController.xib; sourceTree = "<group>"; };
		FCD72DC1137C2CD10073EA7C /* TwitterApp2Tests.octest */ = {isa = PBXFileReference; explicitFileType = wrapper.cfbundle; includeInIndex = 0; path = TwitterApp2Tests.octest; sourceTree = BUILT_PRODUCTS_DIR; };
		FCD72DC9137C2CD10073EA7C /* TwitterApp2Tests-Info.plist */ = {isa = PBXFileReference; lastKnownFileType = text.plist.xml; path = "TwitterApp2Tests-Info.plist"; sourceTree = "<group>"; };
		FCD72DCB137C2CD10073EA7C /* en */ = {isa = PBXFileReference; lastKnownFileType = text.plist.strings; name = en; path = en.lproj/InfoPlist.strings; sourceTree = "<group>"; };
		FCD72DCD137C2CD10073EA7C /* TwitterApp2Tests-Prefix.pch */ = {isa = PBXFileReference; lastKnownFileType = sourcecode.c.h; path = "TwitterApp2Tests-Prefix.pch"; sourceTree = "<group>"; };
		FCD72DCE137C2CD10073EA7C /* TwitterApp2Tests.h */ = {isa = PBXFileReference; lastKnownFileType = sourcecode.c.h; path = TwitterApp2Tests.h; sourceTree = "<group>"; };
		FCD72DD0137C2CD10073EA7C /* TwitterApp2Tests.m */ = {isa = PBXFileReference; lastKnownFileType = sourcecode.c.objc; path = TwitterApp2Tests.m; sourceTree = "<group>"; };
/* End PBXFileReference section */

/* Begin PBXFrameworksBuildPhase section */
		FCD72D9A137C2CD00073EA7C /* Frameworks */ = {
			isa = PBXFrameworksBuildPhase;
			buildActionMask = 2147483647;
			files = (
				FCD72DA2137C2CD00073EA7C /* UIKit.framework in Frameworks */,
				FCD72DA4137C2CD00073EA7C /* Foundation.framework in Frameworks */,
				FCD72DA6137C2CD00073EA7C /* CoreGraphics.framework in Frameworks */,
			);
			runOnlyForDeploymentPostprocessing = 0;
		};
		FCD72DBD137C2CD10073EA7C /* Frameworks */ = {
			isa = PBXFrameworksBuildPhase;
			buildActionMask = 2147483647;
			files = (
				FCD72DC2137C2CD10073EA7C /* UIKit.framework in Frameworks */,
				FCD72DC3137C2CD10073EA7C /* Foundation.framework in Frameworks */,
				FCD72DC4137C2CD10073EA7C /* CoreGraphics.framework in Frameworks */,
			);
			runOnlyForDeploymentPostprocessing = 0;
		};
/* End PBXFrameworksBuildPhase section */

/* Begin PBXGroup section */
		FC785D49137D3F3400A68A98 /* JSON */ = {
			isa = PBXGroup;
			children = (
				FC785D4A137D3F3400A68A98 /* JSON.h */,
				FC785D4D137D3F3400A68A98 /* SBJsonIncludes.h */,
				FC785D4B137D3F3400A68A98 /* NSObject+JSON.h */,
				FC785D4C137D3F3400A68A98 /* NSObject+JSON.m */,
				FC785D4E137D3F3400A68A98 /* SBJsonParser.h */,
				FC785D4F137D3F3400A68A98 /* SBJsonParser.m */,
				FC785D50137D3F3400A68A98 /* SBJsonStreamParser.h */,
				FC785D51137D3F3400A68A98 /* SBJsonStreamParser.m */,
				FC785D52137D3F3400A68A98 /* SBJsonStreamParserAccumulator.h */,
				FC785D53137D3F3400A68A98 /* SBJsonStreamParserAccumulator.m */,
				FC785D54137D3F3400A68A98 /* SBJsonStreamParserAdapter.h */,
				FC785D55137D3F3400A68A98 /* SBJsonStreamParserAdapter.m */,
				FC785D56137D3F3400A68A98 /* SBJsonStreamParserState.h */,
				FC785D57137D3F3400A68A98 /* SBJsonStreamParserState.m */,
				FC785D58137D3F3400A68A98 /* SBJsonStreamWriter.h */,
				FC785D59137D3F3400A68A98 /* SBJsonStreamWriter.m */,
				FC785D5A137D3F3400A68A98 /* SBJsonStreamWriterAccumulator.h */,
				FC785D5B137D3F3400A68A98 /* SBJsonStreamWriterAccumulator.m */,
				FC785D5C137D3F3400A68A98 /* SBJsonStreamWriterState.h */,
				FC785D5D137D3F3400A68A98 /* SBJsonStreamWriterState.m */,
				FC785D5E137D3F3400A68A98 /* SBJsonTokeniser.h */,
				FC785D5F137D3F3400A68A98 /* SBJsonTokeniser.m */,
				FC785D60137D3F3400A68A98 /* SBJsonWriter.h */,
				FC785D61137D3F3400A68A98 /* SBJsonWriter.m */,
			);
			name = JSON;
			path = Classes;
			sourceTree = "<group>";
		};
		FCD72D92137C2CD00073EA7C = {
			isa = PBXGroup;
			children = (
				FCD72DA7137C2CD10073EA7C /* TwitterApp2 */,
				FCD72DC7137C2CD10073EA7C /* TwitterApp2Tests */,
				FCD72DA0137C2CD00073EA7C /* Frameworks */,
				FCD72D9E137C2CD00073EA7C /* Products */,
			);
			sourceTree = "<group>";
		};
		FCD72D9E137C2CD00073EA7C /* Products */ = {
			isa = PBXGroup;
			children = (
				FCD72D9D137C2CD00073EA7C /* TwitterApp2.app */,
				FCD72DC1137C2CD10073EA7C /* TwitterApp2Tests.octest */,
			);
			name = Products;
			sourceTree = "<group>";
		};
		FCD72DA0137C2CD00073EA7C /* Frameworks */ = {
			isa = PBXGroup;
			children = (
				FCD72DA1137C2CD00073EA7C /* UIKit.framework */,
				FCD72DA3137C2CD00073EA7C /* Foundation.framework */,
				FCD72DA5137C2CD00073EA7C /* CoreGraphics.framework */,
			);
			name = Frameworks;
			sourceTree = "<group>";
		};
		FCD72DA7137C2CD10073EA7C /* TwitterApp2 */ = {
			isa = PBXGroup;
			children = (
				FC785D49137D3F3400A68A98 /* JSON */,
				FCD72DB0137C2CD10073EA7C /* TwitterApp2AppDelegate.h */,
				FCD72DB1137C2CD10073EA7C /* TwitterApp2AppDelegate.m */,
				FCD72DB3137C2CD10073EA7C /* MainWindow.xib */,
				FCD72DB6137C2CD10073EA7C /* TwitterApp2ViewController.h */,
				FCD72DB7137C2CD10073EA7C /* TwitterApp2ViewController.m */,
				FCD72DB9137C2CD10073EA7C /* TwitterApp2ViewController.xib */,
				FCD72DA8137C2CD10073EA7C /* Supporting Files */,
			);
			path = TwitterApp2;
			sourceTree = "<group>";
		};
		FCD72DA8137C2CD10073EA7C /* Supporting Files */ = {
			isa = PBXGroup;
			children = (
				FCD72DA9137C2CD10073EA7C /* TwitterApp2-Info.plist */,
				FCD72DAA137C2CD10073EA7C /* InfoPlist.strings */,
				FCD72DAD137C2CD10073EA7C /* TwitterApp2-Prefix.pch */,
				FCD72DAE137C2CD10073EA7C /* main.m */,
			);
			name = "Supporting Files";
			sourceTree = "<group>";
		};
		FCD72DC7137C2CD10073EA7C /* TwitterApp2Tests */ = {
			isa = PBXGroup;
			children = (
				FCD72DCE137C2CD10073EA7C /* TwitterApp2Tests.h */,
				FCD72DD0137C2CD10073EA7C /* TwitterApp2Tests.m */,
				FCD72DC8137C2CD10073EA7C /* Supporting Files */,
			);
			path = TwitterApp2Tests;
			sourceTree = "<group>";
		};
		FCD72DC8137C2CD10073EA7C /* Supporting Files */ = {
			isa = PBXGroup;
			children = (
				FCD72DC9137C2CD10073EA7C /* TwitterApp2Tests-Info.plist */,
				FCD72DCA137C2CD10073EA7C /* InfoPlist.strings */,
				FCD72DCD137C2CD10073EA7C /* TwitterApp2Tests-Prefix.pch */,
			);
			name = "Supporting Files";
			sourceTree = "<group>";
		};
/* End PBXGroup section */

/* Begin PBXNativeTarget section */
		FCD72D9C137C2CD00073EA7C /* TwitterApp2 */ = {
			isa = PBXNativeTarget;
			buildConfigurationList = FCD72DD4137C2CD10073EA7C /* Build configuration list for PBXNativeTarget "TwitterApp2" */;
			buildPhases = (
				FCD72D99137C2CD00073EA7C /* Sources */,
				FCD72D9A137C2CD00073EA7C /* Frameworks */,
				FCD72D9B137C2CD00073EA7C /* Resources */,
			);
			buildRules = (
			);
			dependencies = (
			);
			name = TwitterApp2;
			productName = TwitterApp2;
			productReference = FCD72D9D137C2CD00073EA7C /* TwitterApp2.app */;
			productType = "com.apple.product-type.application";
		};
		FCD72DC0137C2CD10073EA7C /* TwitterApp2Tests */ = {
			isa = PBXNativeTarget;
			buildConfigurationList = FCD72DD7137C2CD10073EA7C /* Build configuration list for PBXNativeTarget "TwitterApp2Tests" */;
			buildPhases = (
				FCD72DBC137C2CD10073EA7C /* Sources */,
				FCD72DBD137C2CD10073EA7C /* Frameworks */,
				FCD72DBE137C2CD10073EA7C /* Resources */,
				FCD72DBF137C2CD10073EA7C /* ShellScript */,
			);
			buildRules = (
			);
			dependencies = (
				FCD72DC6137C2CD10073EA7C /* PBXTargetDependency */,
			);
			name = TwitterApp2Tests;
			productName = TwitterApp2Tests;
			productReference = FCD72DC1137C2CD10073EA7C /* TwitterApp2Tests.octest */;
			productType = "com.apple.product-type.bundle";
		};
/* End PBXNativeTarget section */

/* Begin PBXProject section */
		FCD72D94137C2CD00073EA7C /* Project object */ = {
			isa = PBXProject;
			attributes = {
				ORGANIZATIONNAME = ArquiConsult;
			};
			buildConfigurationList = FCD72D97137C2CD00073EA7C /* Build configuration list for PBXProject "TwitterApp2" */;
			compatibilityVersion = "Xcode 3.2";
			developmentRegion = English;
			hasScannedForEncodings = 0;
			knownRegions = (
				en,
			);
			mainGroup = FCD72D92137C2CD00073EA7C;
			productRefGroup = FCD72D9E137C2CD00073EA7C /* Products */;
			projectDirPath = "";
			projectRoot = "";
			targets = (
				FCD72D9C137C2CD00073EA7C /* TwitterApp2 */,
				FCD72DC0137C2CD10073EA7C /* TwitterApp2Tests */,
			);
		};
/* End PBXProject section */

/* Begin PBXResourcesBuildPhase section */
		FCD72D9B137C2CD00073EA7C /* Resources */ = {
			isa = PBXResourcesBuildPhase;
			buildActionMask = 2147483647;
			files = (
				FCD72DAC137C2CD10073EA7C /* InfoPlist.strings in Resources */,
				FCD72DB5137C2CD10073EA7C /* MainWindow.xib in Resources */,
				FCD72DBB137C2CD10073EA7C /* TwitterApp2ViewController.xib in Resources */,
			);
			runOnlyForDeploymentPostprocessing = 0;
		};
		FCD72DBE137C2CD10073EA7C /* Resources */ = {
			isa = PBXResourcesBuildPhase;
			buildActionMask = 2147483647;
			files = (
				FCD72DCC137C2CD10073EA7C /* InfoPlist.strings in Resources */,
				FCD72DCF137C2CD10073EA7C /* TwitterApp2Tests.h in Resources */,
			);
			runOnlyForDeploymentPostprocessing = 0;
		};
/* End PBXResourcesBuildPhase section */

/* Begin PBXShellScriptBuildPhase section */
		FCD72DBF137C2CD10073EA7C /* ShellScript */ = {
			isa = PBXShellScriptBuildPhase;
			buildActionMask = 2147483647;
			files = (
			);
			inputPaths = (
			);
			outputPaths = (
			);
			runOnlyForDeploymentPostprocessing = 0;
			shellPath = /bin/sh;
			shellScript = "# Run the unit tests in this test bundle.\n\"${SYSTEM_DEVELOPER_DIR}/Tools/RunUnitTests\"\n";
		};
/* End PBXShellScriptBuildPhase section */

/* Begin PBXSourcesBuildPhase section */
		FCD72D99137C2CD00073EA7C /* Sources */ = {
			isa = PBXSourcesBuildPhase;
			buildActionMask = 2147483647;
			files = (
				FCD72DAF137C2CD10073EA7C /* main.m in Sources */,
				FCD72DB2137C2CD10073EA7C /* TwitterApp2AppDelegate.m in Sources */,
				FCD72DB8137C2CD10073EA7C /* TwitterApp2ViewController.m in Sources */,
				FC785D62137D3F3400A68A98 /* NSObject+JSON.m in Sources */,
				FC785D63137D3F3400A68A98 /* SBJsonParser.m in Sources */,
				FC785D64137D3F3400A68A98 /* SBJsonStreamParser.m in Sources */,
				FC785D65137D3F3400A68A98 /* SBJsonStreamParserAccumulator.m in Sources */,
				FC785D66137D3F3400A68A98 /* SBJsonStreamParserAdapter.m in Sources */,
				FC785D67137D3F3400A68A98 /* SBJsonStreamParserState.m in Sources */,
				FC785D68137D3F3400A68A98 /* SBJsonStreamWriter.m in Sources */,
				FC785D69137D3F3400A68A98 /* SBJsonStreamWriterAccumulator.m in Sources */,
				FC785D6A137D3F3400A68A98 /* SBJsonStreamWriterState.m in Sources */,
				FC785D6B137D3F3400A68A98 /* SBJsonTokeniser.m in Sources */,
				FC785D6C137D3F3400A68A98 /* SBJsonWriter.m in Sources */,
			);
			runOnlyForDeploymentPostprocessing = 0;
		};
		FCD72DBC137C2CD10073EA7C /* Sources */ = {
			isa = PBXSourcesBuildPhase;
			buildActionMask = 2147483647;
			files = (
				FCD72DD1137C2CD10073EA7C /* TwitterApp2Tests.m in Sources */,
			);
			runOnlyForDeploymentPostprocessing = 0;
		};
/* End PBXSourcesBuildPhase section */

/* Begin PBXTargetDependency section */
		FCD72DC6137C2CD10073EA7C /* PBXTargetDependency */ = {
			isa = PBXTargetDependency;
			target = FCD72D9C137C2CD00073EA7C /* TwitterApp2 */;
			targetProxy = FCD72DC5137C2CD10073EA7C /* PBXContainerItemProxy */;
		};
/* End PBXTargetDependency section */

/* Begin PBXVariantGroup section */
		FCD72DAA137C2CD10073EA7C /* InfoPlist.strings */ = {
			isa = PBXVariantGroup;
			children = (
				FCD72DAB137C2CD10073EA7C /* en */,
			);
			name = InfoPlist.strings;
			sourceTree = "<group>";
		};
		FCD72DB3137C2CD10073EA7C /* MainWindow.xib */ = {
			isa = PBXVariantGroup;
			children = (
				FCD72DB4137C2CD10073EA7C /* en */,
			);
			name = MainWindow.xib;
			sourceTree = "<group>";
		};
		FCD72DB9137C2CD10073EA7C /* TwitterApp2ViewController.xib */ = {
			isa = PBXVariantGroup;
			children = (
				FCD72DBA137C2CD10073EA7C /* en */,
			);
			name = TwitterApp2ViewController.xib;
			sourceTree = "<group>";
		};
		FCD72DCA137C2CD10073EA7C /* InfoPlist.strings */ = {
			isa = PBXVariantGroup;
			children = (
				FCD72DCB137C2CD10073EA7C /* en */,
			);
			name = InfoPlist.strings;
			sourceTree = "<group>";
		};
/* End PBXVariantGroup section */

/* Begin XCBuildConfiguration section */
		FCD72DD2137C2CD10073EA7C /* Debug */ = {
			isa = XCBuildConfiguration;
			buildSettings = {
				ARCHS = "$(ARCHS_UNIVERSAL_IPHONE_OS)";
				"CODE_SIGN_IDENTITY[sdk=iphoneos*]" = "iPhone Developer";
				GCC_C_LANGUAGE_STANDARD = gnu99;
				GCC_OPTIMIZATION_LEVEL = 0;
				GCC_PREPROCESSOR_DEFINITIONS = DEBUG;
				GCC_SYMBOLS_PRIVATE_EXTERN = NO;
				GCC_VERSION = com.apple.compilers.llvmgcc42;
				GCC_WARN_ABOUT_RETURN_TYPE = YES;
				GCC_WARN_UNUSED_VARIABLE = YES;
				IPHONEOS_DEPLOYMENT_TARGET = 4.3;
				SDKROOT = iphoneos;
				TARGETED_DEVICE_FAMILY = 2;
			};
			name = Debug;
		};
		FCD72DD3137C2CD10073EA7C /* Release */ = {
			isa = XCBuildConfiguration;
			buildSettings = {
				ARCHS = "$(ARCHS_UNIVERSAL_IPHONE_OS)";
				"CODE_SIGN_IDENTITY[sdk=iphoneos*]" = "iPhone Developer";
				GCC_C_LANGUAGE_STANDARD = gnu99;
				GCC_VERSION = com.apple.compilers.llvmgcc42;
				GCC_WARN_ABOUT_RETURN_TYPE = YES;
				GCC_WARN_UNUSED_VARIABLE = YES;
				IPHONEOS_DEPLOYMENT_TARGET = 4.3;
				OTHER_CFLAGS = "-DNS_BLOCK_ASSERTIONS=1";
				SDKROOT = iphoneos;
				TARGETED_DEVICE_FAMILY = 2;
			};
			name = Release;
		};
		FCD72DD5137C2CD10073EA7C /* Debug */ = {
			isa = XCBuildConfiguration;
			buildSettings = {
				ALWAYS_SEARCH_USER_PATHS = NO;
				COPY_PHASE_STRIP = NO;
				GCC_DYNAMIC_NO_PIC = NO;
				GCC_PRECOMPILE_PREFIX_HEADER = YES;
				GCC_PREFIX_HEADER = "TwitterApp2/TwitterApp2-Prefix.pch";
				INFOPLIST_FILE = "TwitterApp2/TwitterApp2-Info.plist";
				PRODUCT_NAME = "$(TARGET_NAME)";
				WRAPPER_EXTENSION = app;
			};
			name = Debug;
		};
		FCD72DD6137C2CD10073EA7C /* Release */ = {
			isa = XCBuildConfiguration;
			buildSettings = {
				ALWAYS_SEARCH_USER_PATHS = NO;
				COPY_PHASE_STRIP = YES;
				GCC_PRECOMPILE_PREFIX_HEADER = YES;
				GCC_PREFIX_HEADER = "TwitterApp2/TwitterApp2-Prefix.pch";
				INFOPLIST_FILE = "TwitterApp2/TwitterApp2-Info.plist";
				PRODUCT_NAME = "$(TARGET_NAME)";
				VALIDATE_PRODUCT = YES;
				WRAPPER_EXTENSION = app;
			};
			name = Release;
		};
		FCD72DD8137C2CD10073EA7C /* Debug */ = {
			isa = XCBuildConfiguration;
			buildSettings = {
				ALWAYS_SEARCH_USER_PATHS = NO;
				ARCHS = "$(ARCHS_STANDARD_32_BIT)";
				BUNDLE_LOADER = "$(BUILT_PRODUCTS_DIR)/TwitterApp2.app/TwitterApp2";
				FRAMEWORK_SEARCH_PATHS = (
					"$(SDKROOT)/Developer/Library/Frameworks",
					"$(DEVELOPER_LIBRARY_DIR)/Frameworks",
				);
				GCC_PRECOMPILE_PREFIX_HEADER = YES;
				GCC_PREFIX_HEADER = "TwitterApp2Tests/TwitterApp2Tests-Prefix.pch";
				INFOPLIST_FILE = "TwitterApp2Tests/TwitterApp2Tests-Info.plist";
				OTHER_LDFLAGS = (
					"-framework",
					SenTestingKit,
				);
				PRODUCT_NAME = "$(TARGET_NAME)";
				TEST_HOST = "$(BUNDLE_LOADER)";
				WRAPPER_EXTENSION = octest;
			};
			name = Debug;
		};
		FCD72DD9137C2CD10073EA7C /* Release */ = {
			isa = XCBuildConfiguration;
			buildSettings = {
				ALWAYS_SEARCH_USER_PATHS = NO;
				ARCHS = "$(ARCHS_STANDARD_32_BIT)";
				BUNDLE_LOADER = "$(BUILT_PRODUCTS_DIR)/TwitterApp2.app/TwitterApp2";
				FRAMEWORK_SEARCH_PATHS = (
					"$(SDKROOT)/Developer/Library/Frameworks",
					"$(DEVELOPER_LIBRARY_DIR)/Frameworks",
				);
				GCC_PRECOMPILE_PREFIX_HEADER = YES;
				GCC_PREFIX_HEADER = "TwitterApp2Tests/TwitterApp2Tests-Prefix.pch";
				INFOPLIST_FILE = "TwitterApp2Tests/TwitterApp2Tests-Info.plist";
				OTHER_LDFLAGS = (
					"-framework",
					SenTestingKit,
				);
				PRODUCT_NAME = "$(TARGET_NAME)";
				TEST_HOST = "$(BUNDLE_LOADER)";
				WRAPPER_EXTENSION = octest;
			};
			name = Release;
		};
/* End XCBuildConfiguration section */

/* Begin XCConfigurationList section */
		FCD72D97137C2CD00073EA7C /* Build configuration list for PBXProject "TwitterApp2" */ = {
			isa = XCConfigurationList;
			buildConfigurations = (
				FCD72DD2137C2CD10073EA7C /* Debug */,
				FCD72DD3137C2CD10073EA7C /* Release */,
			);
			defaultConfigurationIsVisible = 0;
			defaultConfigurationName = Release;
		};
		FCD72DD4137C2CD10073EA7C /* Build configuration list for PBXNativeTarget "TwitterApp2" */ = {
			isa = XCConfigurationList;
			buildConfigurations = (
				FCD72DD5137C2CD10073EA7C /* Debug */,
				FCD72DD6137C2CD10073EA7C /* Release */,
			);
			defaultConfigurationIsVisible = 0;
			defaultConfigurationName = Release;
		};
		FCD72DD7137C2CD10073EA7C /* Build configuration list for PBXNativeTarget "TwitterApp2Tests" */ = {
			isa = XCConfigurationList;
			buildConfigurations = (
				FCD72DD8137C2CD10073EA7C /* Debug */,
				FCD72DD9137C2CD10073EA7C /* Release */,
			);
			defaultConfigurationIsVisible = 0;
			defaultConfigurationName = Release;
		};
/* End XCConfigurationList section */
	};
	rootObject = FCD72D94137C2CD00073EA7C /* Project object */;
}
