// !$*UTF8*$!
{
	archiveVersion = 1;
	classes = {
	};
	objectVersion = 46;
	objects = {

/* Begin PBXBuildFile section */
		FCAA2905137BE7E900315FBA /* UIKit.framework in Frameworks */ = {isa = PBXBuildFile; fileRef = FCAA2904137BE7E900315FBA /* UIKit.framework */; };
		FCAA2907137BE7E900315FBA /* Foundation.framework in Frameworks */ = {isa = PBXBuildFile; fileRef = FCAA2906137BE7E900315FBA /* Foundation.framework */; };
		FCAA2909137BE7E900315FBA /* CoreGraphics.framework in Frameworks */ = {isa = PBXBuildFile; fileRef = FCAA2908137BE7E900315FBA /* CoreGraphics.framework */; };
		FCAA290F137BE7E900315FBA /* InfoPlist.strings in Resources */ = {isa = PBXBuildFile; fileRef = FCAA290D137BE7E900315FBA /* InfoPlist.strings */; };
		FCAA2912137BE7E900315FBA /* main.m in Sources */ = {isa = PBXBuildFile; fileRef = FCAA2911137BE7E900315FBA /* main.m */; };
		FCAA2915137BE7E900315FBA /* TwiterApp2AppDelegate.m in Sources */ = {isa = PBXBuildFile; fileRef = FCAA2914137BE7E900315FBA /* TwiterApp2AppDelegate.m */; };
		FCAA2918137BE7E900315FBA /* MainWindow.xib in Resources */ = {isa = PBXBuildFile; fileRef = FCAA2916137BE7E900315FBA /* MainWindow.xib */; };
		FCAA291B137BE7E900315FBA /* TwiterApp2ViewController.m in Sources */ = {isa = PBXBuildFile; fileRef = FCAA291A137BE7E900315FBA /* TwiterApp2ViewController.m */; };
		FCAA291E137BE7E900315FBA /* TwiterApp2ViewController.xib in Resources */ = {isa = PBXBuildFile; fileRef = FCAA291C137BE7E900315FBA /* TwiterApp2ViewController.xib */; };
		FCAA2925137BE7EA00315FBA /* UIKit.framework in Frameworks */ = {isa = PBXBuildFile; fileRef = FCAA2904137BE7E900315FBA /* UIKit.framework */; };
		FCAA2926137BE7EA00315FBA /* Foundation.framework in Frameworks */ = {isa = PBXBuildFile; fileRef = FCAA2906137BE7E900315FBA /* Foundation.framework */; };
		FCAA2927137BE7EA00315FBA /* CoreGraphics.framework in Frameworks */ = {isa = PBXBuildFile; fileRef = FCAA2908137BE7E900315FBA /* CoreGraphics.framework */; };
		FCAA292F137BE7EA00315FBA /* InfoPlist.strings in Resources */ = {isa = PBXBuildFile; fileRef = FCAA292D137BE7EA00315FBA /* InfoPlist.strings */; };
		FCAA2932137BE7EA00315FBA /* TwiterApp2Tests.h in Resources */ = {isa = PBXBuildFile; fileRef = FCAA2931137BE7EA00315FBA /* TwiterApp2Tests.h */; };
		FCAA2934137BE7EA00315FBA /* TwiterApp2Tests.m in Sources */ = {isa = PBXBuildFile; fileRef = FCAA2933137BE7EA00315FBA /* TwiterApp2Tests.m */; };
/* End PBXBuildFile section */

/* Begin PBXContainerItemProxy section */
		FCAA2928137BE7EA00315FBA /* PBXContainerItemProxy */ = {
			isa = PBXContainerItemProxy;
			containerPortal = FCAA28F7137BE7E900315FBA /* Project object */;
			proxyType = 1;
			remoteGlobalIDString = FCAA28FF137BE7E900315FBA;
			remoteInfo = TwiterApp2;
		};
/* End PBXContainerItemProxy section */

/* Begin PBXFileReference section */
		FCAA2900137BE7E900315FBA /* TwiterApp2.app */ = {isa = PBXFileReference; explicitFileType = wrapper.application; includeInIndex = 0; path = TwiterApp2.app; sourceTree = BUILT_PRODUCTS_DIR; };
		FCAA2904137BE7E900315FBA /* UIKit.framework */ = {isa = PBXFileReference; lastKnownFileType = wrapper.framework; name = UIKit.framework; path = System/Library/Frameworks/UIKit.framework; sourceTree = SDKROOT; };
		FCAA2906137BE7E900315FBA /* Foundation.framework */ = {isa = PBXFileReference; lastKnownFileType = wrapper.framework; name = Foundation.framework; path = System/Library/Frameworks/Foundation.framework; sourceTree = SDKROOT; };
		FCAA2908137BE7E900315FBA /* CoreGraphics.framework */ = {isa = PBXFileReference; lastKnownFileType = wrapper.framework; name = CoreGraphics.framework; path = System/Library/Frameworks/CoreGraphics.framework; sourceTree = SDKROOT; };
		FCAA290C137BE7E900315FBA /* TwiterApp2-Info.plist */ = {isa = PBXFileReference; lastKnownFileType = text.plist.xml; path = "TwiterApp2-Info.plist"; sourceTree = "<group>"; };
		FCAA290E137BE7E900315FBA /* en */ = {isa = PBXFileReference; lastKnownFileType = text.plist.strings; name = en; path = en.lproj/InfoPlist.strings; sourceTree = "<group>"; };
		FCAA2910137BE7E900315FBA /* TwiterApp2-Prefix.pch */ = {isa = PBXFileReference; lastKnownFileType = sourcecode.c.h; path = "TwiterApp2-Prefix.pch"; sourceTree = "<group>"; };
		FCAA2911137BE7E900315FBA /* main.m */ = {isa = PBXFileReference; lastKnownFileType = sourcecode.c.objc; path = main.m; sourceTree = "<group>"; };
		FCAA2913137BE7E900315FBA /* TwiterApp2AppDelegate.h */ = {isa = PBXFileReference; lastKnownFileType = sourcecode.c.h; path = TwiterApp2AppDelegate.h; sourceTree = "<group>"; };
		FCAA2914137BE7E900315FBA /* TwiterApp2AppDelegate.m */ = {isa = PBXFileReference; lastKnownFileType = sourcecode.c.objc; path = TwiterApp2AppDelegate.m; sourceTree = "<group>"; };
		FCAA2917137BE7E900315FBA /* en */ = {isa = PBXFileReference; lastKnownFileType = file.xib; name = en; path = en.lproj/MainWindow.xib; sourceTree = "<group>"; };
		FCAA2919137BE7E900315FBA /* TwiterApp2ViewController.h */ = {isa = PBXFileReference; lastKnownFileType = sourcecode.c.h; path = TwiterApp2ViewController.h; sourceTree = "<group>"; };
		FCAA291A137BE7E900315FBA /* TwiterApp2ViewController.m */ = {isa = PBXFileReference; lastKnownFileType = sourcecode.c.objc; path = TwiterApp2ViewController.m; sourceTree = "<group>"; };
		FCAA291D137BE7E900315FBA /* en */ = {isa = PBXFileReference; lastKnownFileType = file.xib; name = en; path = en.lproj/TwiterApp2ViewController.xib; sourceTree = "<group>"; };
		FCAA2924137BE7EA00315FBA /* TwiterApp2Tests.octest */ = {isa = PBXFileReference; explicitFileType = wrapper.cfbundle; includeInIndex = 0; path = TwiterApp2Tests.octest; sourceTree = BUILT_PRODUCTS_DIR; };
		FCAA292C137BE7EA00315FBA /* TwiterApp2Tests-Info.plist */ = {isa = PBXFileReference; lastKnownFileType = text.plist.xml; path = "TwiterApp2Tests-Info.plist"; sourceTree = "<group>"; };
		FCAA292E137BE7EA00315FBA /* en */ = {isa = PBXFileReference; lastKnownFileType = text.plist.strings; name = en; path = en.lproj/InfoPlist.strings; sourceTree = "<group>"; };
		FCAA2930137BE7EA00315FBA /* TwiterApp2Tests-Prefix.pch */ = {isa = PBXFileReference; lastKnownFileType = sourcecode.c.h; path = "TwiterApp2Tests-Prefix.pch"; sourceTree = "<group>"; };
		FCAA2931137BE7EA00315FBA /* TwiterApp2Tests.h */ = {isa = PBXFileReference; lastKnownFileType = sourcecode.c.h; path = TwiterApp2Tests.h; sourceTree = "<group>"; };
		FCAA2933137BE7EA00315FBA /* TwiterApp2Tests.m */ = {isa = PBXFileReference; lastKnownFileType = sourcecode.c.objc; path = TwiterApp2Tests.m; sourceTree = "<group>"; };
/* End PBXFileReference section */

/* Begin PBXFrameworksBuildPhase section */
		FCAA28FD137BE7E900315FBA /* Frameworks */ = {
			isa = PBXFrameworksBuildPhase;
			buildActionMask = 2147483647;
			files = (
				FCAA2905137BE7E900315FBA /* UIKit.framework in Frameworks */,
				FCAA2907137BE7E900315FBA /* Foundation.framework in Frameworks */,
				FCAA2909137BE7E900315FBA /* CoreGraphics.framework in Frameworks */,
			);
			runOnlyForDeploymentPostprocessing = 0;
		};
		FCAA2920137BE7EA00315FBA /* Frameworks */ = {
			isa = PBXFrameworksBuildPhase;
			buildActionMask = 2147483647;
			files = (
				FCAA2925137BE7EA00315FBA /* UIKit.framework in Frameworks */,
				FCAA2926137BE7EA00315FBA /* Foundation.framework in Frameworks */,
				FCAA2927137BE7EA00315FBA /* CoreGraphics.framework in Frameworks */,
			);
			runOnlyForDeploymentPostprocessing = 0;
		};
/* End PBXFrameworksBuildPhase section */

/* Begin PBXGroup section */
		FCAA28F5137BE7E900315FBA = {
			isa = PBXGroup;
			children = (
				FCAA290A137BE7E900315FBA /* TwiterApp2 */,
				FCAA292A137BE7EA00315FBA /* TwiterApp2Tests */,
				FCAA2903137BE7E900315FBA /* Frameworks */,
				FCAA2901137BE7E900315FBA /* Products */,
			);
			sourceTree = "<group>";
		};
		FCAA2901137BE7E900315FBA /* Products */ = {
			isa = PBXGroup;
			children = (
				FCAA2900137BE7E900315FBA /* TwiterApp2.app */,
				FCAA2924137BE7EA00315FBA /* TwiterApp2Tests.octest */,
			);
			name = Products;
			sourceTree = "<group>";
		};
		FCAA2903137BE7E900315FBA /* Frameworks */ = {
			isa = PBXGroup;
			children = (
				FCAA2904137BE7E900315FBA /* UIKit.framework */,
				FCAA2906137BE7E900315FBA /* Foundation.framework */,
				FCAA2908137BE7E900315FBA /* CoreGraphics.framework */,
			);
			name = Frameworks;
			sourceTree = "<group>";
		};
		FCAA290A137BE7E900315FBA /* TwiterApp2 */ = {
			isa = PBXGroup;
			children = (
				FCAA2913137BE7E900315FBA /* TwiterApp2AppDelegate.h */,
				FCAA2914137BE7E900315FBA /* TwiterApp2AppDelegate.m */,
				FCAA2916137BE7E900315FBA /* MainWindow.xib */,
				FCAA2919137BE7E900315FBA /* TwiterApp2ViewController.h */,
				FCAA291A137BE7E900315FBA /* TwiterApp2ViewController.m */,
				FCAA291C137BE7E900315FBA /* TwiterApp2ViewController.xib */,
				FCAA290B137BE7E900315FBA /* Supporting Files */,
			);
			path = TwiterApp2;
			sourceTree = "<group>";
		};
		FCAA290B137BE7E900315FBA /* Supporting Files */ = {
			isa = PBXGroup;
			children = (
				FCAA290C137BE7E900315FBA /* TwiterApp2-Info.plist */,
				FCAA290D137BE7E900315FBA /* InfoPlist.strings */,
				FCAA2910137BE7E900315FBA /* TwiterApp2-Prefix.pch */,
				FCAA2911137BE7E900315FBA /* main.m */,
			);
			name = "Supporting Files";
			sourceTree = "<group>";
		};
		FCAA292A137BE7EA00315FBA /* TwiterApp2Tests */ = {
			isa = PBXGroup;
			children = (
				FCAA2931137BE7EA00315FBA /* TwiterApp2Tests.h */,
				FCAA2933137BE7EA00315FBA /* TwiterApp2Tests.m */,
				FCAA292B137BE7EA00315FBA /* Supporting Files */,
			);
			path = TwiterApp2Tests;
			sourceTree = "<group>";
		};
		FCAA292B137BE7EA00315FBA /* Supporting Files */ = {
			isa = PBXGroup;
			children = (
				FCAA292C137BE7EA00315FBA /* TwiterApp2Tests-Info.plist */,
				FCAA292D137BE7EA00315FBA /* InfoPlist.strings */,
				FCAA2930137BE7EA00315FBA /* TwiterApp2Tests-Prefix.pch */,
			);
			name = "Supporting Files";
			sourceTree = "<group>";
		};
/* End PBXGroup section */

/* Begin PBXNativeTarget section */
		FCAA28FF137BE7E900315FBA /* TwiterApp2 */ = {
			isa = PBXNativeTarget;
			buildConfigurationList = FCAA2937137BE7EA00315FBA /* Build configuration list for PBXNativeTarget "TwiterApp2" */;
			buildPhases = (
				FCAA28FC137BE7E900315FBA /* Sources */,
				FCAA28FD137BE7E900315FBA /* Frameworks */,
				FCAA28FE137BE7E900315FBA /* Resources */,
			);
			buildRules = (
			);
			dependencies = (
			);
			name = TwiterApp2;
			productName = TwiterApp2;
			productReference = FCAA2900137BE7E900315FBA /* TwiterApp2.app */;
			productType = "com.apple.product-type.application";
		};
		FCAA2923137BE7EA00315FBA /* TwiterApp2Tests */ = {
			isa = PBXNativeTarget;
			buildConfigurationList = FCAA293A137BE7EA00315FBA /* Build configuration list for PBXNativeTarget "TwiterApp2Tests" */;
			buildPhases = (
				FCAA291F137BE7EA00315FBA /* Sources */,
				FCAA2920137BE7EA00315FBA /* Frameworks */,
				FCAA2921137BE7EA00315FBA /* Resources */,
				FCAA2922137BE7EA00315FBA /* ShellScript */,
			);
			buildRules = (
			);
			dependencies = (
				FCAA2929137BE7EA00315FBA /* PBXTargetDependency */,
			);
			name = TwiterApp2Tests;
			productName = TwiterApp2Tests;
			productReference = FCAA2924137BE7EA00315FBA /* TwiterApp2Tests.octest */;
			productType = "com.apple.product-type.bundle";
		};
/* End PBXNativeTarget section */

/* Begin PBXProject section */
		FCAA28F7137BE7E900315FBA /* Project object */ = {
			isa = PBXProject;
			attributes = {
				ORGANIZATIONNAME = ArquiConsult;
			};
			buildConfigurationList = FCAA28FA137BE7E900315FBA /* Build configuration list for PBXProject "TwiterApp2" */;
			compatibilityVersion = "Xcode 3.2";
			developmentRegion = English;
			hasScannedForEncodings = 0;
			knownRegions = (
				en,
			);
			mainGroup = FCAA28F5137BE7E900315FBA;
			productRefGroup = FCAA2901137BE7E900315FBA /* Products */;
			projectDirPath = "";
			projectRoot = "";
			targets = (
				FCAA28FF137BE7E900315FBA /* TwiterApp2 */,
				FCAA2923137BE7EA00315FBA /* TwiterApp2Tests */,
			);
		};
/* End PBXProject section */

/* Begin PBXResourcesBuildPhase section */
		FCAA28FE137BE7E900315FBA /* Resources */ = {
			isa = PBXResourcesBuildPhase;
			buildActionMask = 2147483647;
			files = (
				FCAA290F137BE7E900315FBA /* InfoPlist.strings in Resources */,
				FCAA2918137BE7E900315FBA /* MainWindow.xib in Resources */,
				FCAA291E137BE7E900315FBA /* TwiterApp2ViewController.xib in Resources */,
			);
			runOnlyForDeploymentPostprocessing = 0;
		};
		FCAA2921137BE7EA00315FBA /* Resources */ = {
			isa = PBXResourcesBuildPhase;
			buildActionMask = 2147483647;
			files = (
				FCAA292F137BE7EA00315FBA /* InfoPlist.strings in Resources */,
				FCAA2932137BE7EA00315FBA /* TwiterApp2Tests.h in Resources */,
			);
			runOnlyForDeploymentPostprocessing = 0;
		};
/* End PBXResourcesBuildPhase section */

/* Begin PBXShellScriptBuildPhase section */
		FCAA2922137BE7EA00315FBA /* ShellScript */ = {
			isa = PBXShellScriptBuildPhase;
			buildActionMask = 2147483647;
			files = (
			);
			inputPaths = (
			);
			outputPaths = (
			);
			runOnlyForDeploymentPostprocessing = 0;
			shellPath = /bin/sh;
			shellScript = "# Run the unit tests in this test bundle.\n\"${SYSTEM_DEVELOPER_DIR}/Tools/RunUnitTests\"\n";
		};
/* End PBXShellScriptBuildPhase section */

/* Begin PBXSourcesBuildPhase section */
		FCAA28FC137BE7E900315FBA /* Sources */ = {
			isa = PBXSourcesBuildPhase;
			buildActionMask = 2147483647;
			files = (
				FCAA2912137BE7E900315FBA /* main.m in Sources */,
				FCAA2915137BE7E900315FBA /* TwiterApp2AppDelegate.m in Sources */,
				FCAA291B137BE7E900315FBA /* TwiterApp2ViewController.m in Sources */,
			);
			runOnlyForDeploymentPostprocessing = 0;
		};
		FCAA291F137BE7EA00315FBA /* Sources */ = {
			isa = PBXSourcesBuildPhase;
			buildActionMask = 2147483647;
			files = (
				FCAA2934137BE7EA00315FBA /* TwiterApp2Tests.m in Sources */,
			);
			runOnlyForDeploymentPostprocessing = 0;
		};
/* End PBXSourcesBuildPhase section */

/* Begin PBXTargetDependency section */
		FCAA2929137BE7EA00315FBA /* PBXTargetDependency */ = {
			isa = PBXTargetDependency;
			target = FCAA28FF137BE7E900315FBA /* TwiterApp2 */;
			targetProxy = FCAA2928137BE7EA00315FBA /* PBXContainerItemProxy */;
		};
/* End PBXTargetDependency section */

/* Begin PBXVariantGroup section */
		FCAA290D137BE7E900315FBA /* InfoPlist.strings */ = {
			isa = PBXVariantGroup;
			children = (
				FCAA290E137BE7E900315FBA /* en */,
			);
			name = InfoPlist.strings;
			sourceTree = "<group>";
		};
		FCAA2916137BE7E900315FBA /* MainWindow.xib */ = {
			isa = PBXVariantGroup;
			children = (
				FCAA2917137BE7E900315FBA /* en */,
			);
			name = MainWindow.xib;
			sourceTree = "<group>";
		};
		FCAA291C137BE7E900315FBA /* TwiterApp2ViewController.xib */ = {
			isa = PBXVariantGroup;
			children = (
				FCAA291D137BE7E900315FBA /* en */,
			);
			name = TwiterApp2ViewController.xib;
			sourceTree = "<group>";
		};
		FCAA292D137BE7EA00315FBA /* InfoPlist.strings */ = {
			isa = PBXVariantGroup;
			children = (
				FCAA292E137BE7EA00315FBA /* en */,
			);
			name = InfoPlist.strings;
			sourceTree = "<group>";
		};
/* End PBXVariantGroup section */

/* Begin XCBuildConfiguration section */
		FCAA2935137BE7EA00315FBA /* Debug */ = {
			isa = XCBuildConfiguration;
			buildSettings = {
				ARCHS = "$(ARCHS_UNIVERSAL_IPHONE_OS)";
				"CODE_SIGN_IDENTITY[sdk=iphoneos*]" = "iPhone Developer";
				GCC_C_LANGUAGE_STANDARD = gnu99;
				GCC_OPTIMIZATION_LEVEL = 0;
				GCC_PREPROCESSOR_DEFINITIONS = DEBUG;
				GCC_SYMBOLS_PRIVATE_EXTERN = NO;
				GCC_VERSION = com.apple.compilers.llvmgcc42;
				GCC_WARN_ABOUT_RETURN_TYPE = YES;
				GCC_WARN_UNUSED_VARIABLE = YES;
				IPHONEOS_DEPLOYMENT_TARGET = 4.3;
				SDKROOT = iphoneos;
				TARGETED_DEVICE_FAMILY = 2;
			};
			name = Debug;
		};
		FCAA2936137BE7EA00315FBA /* Release */ = {
			isa = XCBuildConfiguration;
			buildSettings = {
				ARCHS = "$(ARCHS_UNIVERSAL_IPHONE_OS)";
				"CODE_SIGN_IDENTITY[sdk=iphoneos*]" = "iPhone Developer";
				GCC_C_LANGUAGE_STANDARD = gnu99;
				GCC_VERSION = com.apple.compilers.llvmgcc42;
				GCC_WARN_ABOUT_RETURN_TYPE = YES;
				GCC_WARN_UNUSED_VARIABLE = YES;
				IPHONEOS_DEPLOYMENT_TARGET = 4.3;
				OTHER_CFLAGS = "-DNS_BLOCK_ASSERTIONS=1";
				SDKROOT = iphoneos;
				TARGETED_DEVICE_FAMILY = 2;
			};
			name = Release;
		};
		FCAA2938137BE7EA00315FBA /* Debug */ = {
			isa = XCBuildConfiguration;
			buildSettings = {
				ALWAYS_SEARCH_USER_PATHS = NO;
				COPY_PHASE_STRIP = NO;
				GCC_DYNAMIC_NO_PIC = NO;
				GCC_PRECOMPILE_PREFIX_HEADER = YES;
				GCC_PREFIX_HEADER = "TwiterApp2/TwiterApp2-Prefix.pch";
				INFOPLIST_FILE = "TwiterApp2/TwiterApp2-Info.plist";
				PRODUCT_NAME = "$(TARGET_NAME)";
				WRAPPER_EXTENSION = app;
			};
			name = Debug;
		};
		FCAA2939137BE7EA00315FBA /* Release */ = {
			isa = XCBuildConfiguration;
			buildSettings = {
				ALWAYS_SEARCH_USER_PATHS = NO;
				COPY_PHASE_STRIP = YES;
				GCC_PRECOMPILE_PREFIX_HEADER = YES;
				GCC_PREFIX_HEADER = "TwiterApp2/TwiterApp2-Prefix.pch";
				INFOPLIST_FILE = "TwiterApp2/TwiterApp2-Info.plist";
				PRODUCT_NAME = "$(TARGET_NAME)";
				VALIDATE_PRODUCT = YES;
				WRAPPER_EXTENSION = app;
			};
			name = Release;
		};
		FCAA293B137BE7EA00315FBA /* Debug */ = {
			isa = XCBuildConfiguration;
			buildSettings = {
				ALWAYS_SEARCH_USER_PATHS = NO;
				ARCHS = "$(ARCHS_STANDARD_32_BIT)";
				BUNDLE_LOADER = "$(BUILT_PRODUCTS_DIR)/TwiterApp2.app/TwiterApp2";
				FRAMEWORK_SEARCH_PATHS = (
					"$(SDKROOT)/Developer/Library/Frameworks",
					"$(DEVELOPER_LIBRARY_DIR)/Frameworks",
				);
				GCC_PRECOMPILE_PREFIX_HEADER = YES;
				GCC_PREFIX_HEADER = "TwiterApp2Tests/TwiterApp2Tests-Prefix.pch";
				INFOPLIST_FILE = "TwiterApp2Tests/TwiterApp2Tests-Info.plist";
				OTHER_LDFLAGS = (
					"-framework",
					SenTestingKit,
				);
				PRODUCT_NAME = "$(TARGET_NAME)";
				TEST_HOST = "$(BUNDLE_LOADER)";
				WRAPPER_EXTENSION = octest;
			};
			name = Debug;
		};
		FCAA293C137BE7EA00315FBA /* Release */ = {
			isa = XCBuildConfiguration;
			buildSettings = {
				ALWAYS_SEARCH_USER_PATHS = NO;
				ARCHS = "$(ARCHS_STANDARD_32_BIT)";
				BUNDLE_LOADER = "$(BUILT_PRODUCTS_DIR)/TwiterApp2.app/TwiterApp2";
				FRAMEWORK_SEARCH_PATHS = (
					"$(SDKROOT)/Developer/Library/Frameworks",
					"$(DEVELOPER_LIBRARY_DIR)/Frameworks",
				);
				GCC_PRECOMPILE_PREFIX_HEADER = YES;
				GCC_PREFIX_HEADER = "TwiterApp2Tests/TwiterApp2Tests-Prefix.pch";
				INFOPLIST_FILE = "TwiterApp2Tests/TwiterApp2Tests-Info.plist";
				OTHER_LDFLAGS = (
					"-framework",
					SenTestingKit,
				);
				PRODUCT_NAME = "$(TARGET_NAME)";
				TEST_HOST = "$(BUNDLE_LOADER)";
				WRAPPER_EXTENSION = octest;
			};
			name = Release;
		};
/* End XCBuildConfiguration section */

/* Begin XCConfigurationList section */
		FCAA28FA137BE7E900315FBA /* Build configuration list for PBXProject "TwiterApp2" */ = {
			isa = XCConfigurationList;
			buildConfigurations = (
				FCAA2935137BE7EA00315FBA /* Debug */,
				FCAA2936137BE7EA00315FBA /* Release */,
			);
			defaultConfigurationIsVisible = 0;
			defaultConfigurationName = Release;
		};
		FCAA2937137BE7EA00315FBA /* Build configuration list for PBXNativeTarget "TwiterApp2" */ = {
			isa = XCConfigurationList;
			buildConfigurations = (
				FCAA2938137BE7EA00315FBA /* Debug */,
				FCAA2939137BE7EA00315FBA /* Release */,
			);
			defaultConfigurationIsVisible = 0;
		};
		FCAA293A137BE7EA00315FBA /* Build configuration list for PBXNativeTarget "TwiterApp2Tests" */ = {
			isa = XCConfigurationList;
			buildConfigurations = (
				FCAA293B137BE7EA00315FBA /* Debug */,
				FCAA293C137BE7EA00315FBA /* Release */,
			);
			defaultConfigurationIsVisible = 0;
		};
/* End XCConfigurationList section */
	};
	rootObject = FCAA28F7137BE7E900315FBA /* Project object */;
}
