// !$*UTF8*$!
{
	archiveVersion = 1;
	classes = {
	};
	objectVersion = 46;
	objects = {

/* Begin PBXBuildFile section */
		FCD72D40137C23C10073EA7C /* UIKit.framework in Frameworks */ = {isa = PBXBuildFile; fileRef = FCD72D3F137C23C10073EA7C /* UIKit.framework */; };
		FCD72D42137C23C10073EA7C /* Foundation.framework in Frameworks */ = {isa = PBXBuildFile; fileRef = FCD72D41137C23C10073EA7C /* Foundation.framework */; };
		FCD72D44137C23C10073EA7C /* CoreGraphics.framework in Frameworks */ = {isa = PBXBuildFile; fileRef = FCD72D43137C23C10073EA7C /* CoreGraphics.framework */; };
		FCD72D46137C23C10073EA7C /* CoreData.framework in Frameworks */ = {isa = PBXBuildFile; fileRef = FCD72D45137C23C10073EA7C /* CoreData.framework */; };
		FCD72D4C137C23C10073EA7C /* InfoPlist.strings in Resources */ = {isa = PBXBuildFile; fileRef = FCD72D4A137C23C10073EA7C /* InfoPlist.strings */; };
		FCD72D4F137C23C10073EA7C /* main.m in Sources */ = {isa = PBXBuildFile; fileRef = FCD72D4E137C23C10073EA7C /* main.m */; };
		FCD72D52137C23C10073EA7C /* ApiTwitterAppDelegate.m in Sources */ = {isa = PBXBuildFile; fileRef = FCD72D51137C23C10073EA7C /* ApiTwitterAppDelegate.m */; };
		FCD72D55137C23C10073EA7C /* ApiTwitter.xcdatamodeld in Sources */ = {isa = PBXBuildFile; fileRef = FCD72D53137C23C10073EA7C /* ApiTwitter.xcdatamodeld */; };
		FCD72D58137C23C10073EA7C /* MainWindow.xib in Resources */ = {isa = PBXBuildFile; fileRef = FCD72D56137C23C10073EA7C /* MainWindow.xib */; };
		FCD72D5B137C23C10073EA7C /* RootViewController.m in Sources */ = {isa = PBXBuildFile; fileRef = FCD72D5A137C23C10073EA7C /* RootViewController.m */; };
		FCD72D5E137C23C10073EA7C /* RootViewController.xib in Resources */ = {isa = PBXBuildFile; fileRef = FCD72D5C137C23C10073EA7C /* RootViewController.xib */; };
		FCD72D65137C23C20073EA7C /* UIKit.framework in Frameworks */ = {isa = PBXBuildFile; fileRef = FCD72D3F137C23C10073EA7C /* UIKit.framework */; };
		FCD72D66137C23C20073EA7C /* Foundation.framework in Frameworks */ = {isa = PBXBuildFile; fileRef = FCD72D41137C23C10073EA7C /* Foundation.framework */; };
		FCD72D67137C23C20073EA7C /* CoreGraphics.framework in Frameworks */ = {isa = PBXBuildFile; fileRef = FCD72D43137C23C10073EA7C /* CoreGraphics.framework */; };
		FCD72D68137C23C20073EA7C /* CoreData.framework in Frameworks */ = {isa = PBXBuildFile; fileRef = FCD72D45137C23C10073EA7C /* CoreData.framework */; };
		FCD72D70137C23C20073EA7C /* InfoPlist.strings in Resources */ = {isa = PBXBuildFile; fileRef = FCD72D6E137C23C20073EA7C /* InfoPlist.strings */; };
		FCD72D73137C23C20073EA7C /* ApiTwitterTests.h in Resources */ = {isa = PBXBuildFile; fileRef = FCD72D72137C23C20073EA7C /* ApiTwitterTests.h */; };
		FCD72D75137C23C20073EA7C /* ApiTwitterTests.m in Sources */ = {isa = PBXBuildFile; fileRef = FCD72D74137C23C20073EA7C /* ApiTwitterTests.m */; };
/* End PBXBuildFile section */

/* Begin PBXContainerItemProxy section */
		FCD72D69137C23C20073EA7C /* PBXContainerItemProxy */ = {
			isa = PBXContainerItemProxy;
			containerPortal = FCD72D32137C23C00073EA7C /* Project object */;
			proxyType = 1;
			remoteGlobalIDString = FCD72D3A137C23C10073EA7C;
			remoteInfo = ApiTwitter;
		};
/* End PBXContainerItemProxy section */

/* Begin PBXFileReference section */
		FCD72D3B137C23C10073EA7C /* ApiTwitter.app */ = {isa = PBXFileReference; explicitFileType = wrapper.application; includeInIndex = 0; path = ApiTwitter.app; sourceTree = BUILT_PRODUCTS_DIR; };
		FCD72D3F137C23C10073EA7C /* UIKit.framework */ = {isa = PBXFileReference; lastKnownFileType = wrapper.framework; name = UIKit.framework; path = System/Library/Frameworks/UIKit.framework; sourceTree = SDKROOT; };
		FCD72D41137C23C10073EA7C /* Foundation.framework */ = {isa = PBXFileReference; lastKnownFileType = wrapper.framework; name = Foundation.framework; path = System/Library/Frameworks/Foundation.framework; sourceTree = SDKROOT; };
		FCD72D43137C23C10073EA7C /* CoreGraphics.framework */ = {isa = PBXFileReference; lastKnownFileType = wrapper.framework; name = CoreGraphics.framework; path = System/Library/Frameworks/CoreGraphics.framework; sourceTree = SDKROOT; };
		FCD72D45137C23C10073EA7C /* CoreData.framework */ = {isa = PBXFileReference; lastKnownFileType = wrapper.framework; name = CoreData.framework; path = System/Library/Frameworks/CoreData.framework; sourceTree = SDKROOT; };
		FCD72D49137C23C10073EA7C /* ApiTwitter-Info.plist */ = {isa = PBXFileReference; path = "ApiTwitter-Info.plist"; sourceTree = "<group>"; };
		FCD72D4B137C23C10073EA7C /* en */ = {isa = PBXFileReference; lastKnownFileType = text.plist.strings; name = en; path = en.lproj/InfoPlist.strings; sourceTree = "<group>"; };
		FCD72D4D137C23C10073EA7C /* ApiTwitter-Prefix.pch */ = {isa = PBXFileReference; path = "ApiTwitter-Prefix.pch"; sourceTree = "<group>"; };
		FCD72D4E137C23C10073EA7C /* main.m */ = {isa = PBXFileReference; lastKnownFileType = sourcecode.c.objc; path = main.m; sourceTree = "<group>"; };
		FCD72D50137C23C10073EA7C /* ApiTwitterAppDelegate.h */ = {isa = PBXFileReference; path = ApiTwitterAppDelegate.h; sourceTree = "<group>"; };
		FCD72D51137C23C10073EA7C /* ApiTwitterAppDelegate.m */ = {isa = PBXFileReference; lastKnownFileType = sourcecode.c.objc; path = ApiTwitterAppDelegate.m; sourceTree = "<group>"; };
		FCD72D54137C23C10073EA7C /* ApiTwitter.xcdatamodel */ = {isa = PBXFileReference; lastKnownFileType = wrapper.xcdatamodel; path = ApiTwitter.xcdatamodel; sourceTree = "<group>"; };
		FCD72D57137C23C10073EA7C /* en */ = {isa = PBXFileReference; lastKnownFileType = file.xib; name = en; path = en.lproj/MainWindow.xib; sourceTree = "<group>"; };
		FCD72D59137C23C10073EA7C /* RootViewController.h */ = {isa = PBXFileReference; path = RootViewController.h; sourceTree = "<group>"; };
		FCD72D5A137C23C10073EA7C /* RootViewController.m */ = {isa = PBXFileReference; lastKnownFileType = sourcecode.c.objc; path = RootViewController.m; sourceTree = "<group>"; };
		FCD72D5D137C23C10073EA7C /* en */ = {isa = PBXFileReference; lastKnownFileType = file.xib; name = en; path = en.lproj/RootViewController.xib; sourceTree = "<group>"; };
		FCD72D64137C23C20073EA7C /* ApiTwitterTests.octest */ = {isa = PBXFileReference; explicitFileType = wrapper.cfbundle; includeInIndex = 0; path = ApiTwitterTests.octest; sourceTree = BUILT_PRODUCTS_DIR; };
		FCD72D6D137C23C20073EA7C /* ApiTwitterTests-Info.plist */ = {isa = PBXFileReference; path = "ApiTwitterTests-Info.plist"; sourceTree = "<group>"; };
		FCD72D6F137C23C20073EA7C /* en */ = {isa = PBXFileReference; lastKnownFileType = text.plist.strings; name = en; path = en.lproj/InfoPlist.strings; sourceTree = "<group>"; };
		FCD72D71137C23C20073EA7C /* ApiTwitterTests-Prefix.pch */ = {isa = PBXFileReference; path = "ApiTwitterTests-Prefix.pch"; sourceTree = "<group>"; };
		FCD72D72137C23C20073EA7C /* ApiTwitterTests.h */ = {isa = PBXFileReference; lastKnownFileType = sourcecode.c.h; path = ApiTwitterTests.h; sourceTree = "<group>"; };
		FCD72D74137C23C20073EA7C /* ApiTwitterTests.m */ = {isa = PBXFileReference; lastKnownFileType = sourcecode.c.objc; path = ApiTwitterTests.m; sourceTree = "<group>"; };
/* End PBXFileReference section */

/* Begin PBXFrameworksBuildPhase section */
		FCD72D38137C23C10073EA7C /* Frameworks */ = {
			isa = PBXFrameworksBuildPhase;
			buildActionMask = 2147483647;
			files = (
				FCD72D40137C23C10073EA7C /* UIKit.framework in Frameworks */,
				FCD72D42137C23C10073EA7C /* Foundation.framework in Frameworks */,
				FCD72D44137C23C10073EA7C /* CoreGraphics.framework in Frameworks */,
				FCD72D46137C23C10073EA7C /* CoreData.framework in Frameworks */,
			);
			runOnlyForDeploymentPostprocessing = 0;
		};
		FCD72D60137C23C10073EA7C /* Frameworks */ = {
			isa = PBXFrameworksBuildPhase;
			buildActionMask = 2147483647;
			files = (
				FCD72D65137C23C20073EA7C /* UIKit.framework in Frameworks */,
				FCD72D66137C23C20073EA7C /* Foundation.framework in Frameworks */,
				FCD72D67137C23C20073EA7C /* CoreGraphics.framework in Frameworks */,
				FCD72D68137C23C20073EA7C /* CoreData.framework in Frameworks */,
			);
			runOnlyForDeploymentPostprocessing = 0;
		};
/* End PBXFrameworksBuildPhase section */

/* Begin PBXGroup section */
		FCD72D30137C23C00073EA7C = {
			isa = PBXGroup;
			children = (
				FCD72D47137C23C10073EA7C /* ApiTwitter */,
				FCD72D6B137C23C20073EA7C /* ApiTwitterTests */,
				FCD72D3E137C23C10073EA7C /* Frameworks */,
				FCD72D3C137C23C10073EA7C /* Products */,
			);
			sourceTree = "<group>";
		};
		FCD72D3C137C23C10073EA7C /* Products */ = {
			isa = PBXGroup;
			children = (
				FCD72D3B137C23C10073EA7C /* ApiTwitter.app */,
				FCD72D64137C23C20073EA7C /* ApiTwitterTests.octest */,
			);
			name = Products;
			sourceTree = "<group>";
		};
		FCD72D3E137C23C10073EA7C /* Frameworks */ = {
			isa = PBXGroup;
			children = (
				FCD72D3F137C23C10073EA7C /* UIKit.framework */,
				FCD72D41137C23C10073EA7C /* Foundation.framework */,
				FCD72D43137C23C10073EA7C /* CoreGraphics.framework */,
				FCD72D45137C23C10073EA7C /* CoreData.framework */,
			);
			name = Frameworks;
			sourceTree = "<group>";
		};
		FCD72D47137C23C10073EA7C /* ApiTwitter */ = {
			isa = PBXGroup;
			children = (
				FCD72D50137C23C10073EA7C /* ApiTwitterAppDelegate.h */,
				FCD72D51137C23C10073EA7C /* ApiTwitterAppDelegate.m */,
				FCD72D56137C23C10073EA7C /* MainWindow.xib */,
				FCD72D59137C23C10073EA7C /* RootViewController.h */,
				FCD72D5A137C23C10073EA7C /* RootViewController.m */,
				FCD72D5C137C23C10073EA7C /* RootViewController.xib */,
				FCD72D53137C23C10073EA7C /* ApiTwitter.xcdatamodeld */,
				FCD72D48137C23C10073EA7C /* Supporting Files */,
			);
			path = ApiTwitter;
			sourceTree = "<group>";
		};
		FCD72D48137C23C10073EA7C /* Supporting Files */ = {
			isa = PBXGroup;
			children = (
				FCD72D49137C23C10073EA7C /* ApiTwitter-Info.plist */,
				FCD72D4A137C23C10073EA7C /* InfoPlist.strings */,
				FCD72D4D137C23C10073EA7C /* ApiTwitter-Prefix.pch */,
				FCD72D4E137C23C10073EA7C /* main.m */,
			);
			name = "Supporting Files";
			sourceTree = "<group>";
		};
		FCD72D6B137C23C20073EA7C /* ApiTwitterTests */ = {
			isa = PBXGroup;
			children = (
				FCD72D72137C23C20073EA7C /* ApiTwitterTests.h */,
				FCD72D74137C23C20073EA7C /* ApiTwitterTests.m */,
				FCD72D6C137C23C20073EA7C /* Supporting Files */,
			);
			path = ApiTwitterTests;
			sourceTree = "<group>";
		};
		FCD72D6C137C23C20073EA7C /* Supporting Files */ = {
			isa = PBXGroup;
			children = (
				FCD72D6D137C23C20073EA7C /* ApiTwitterTests-Info.plist */,
				FCD72D6E137C23C20073EA7C /* InfoPlist.strings */,
				FCD72D71137C23C20073EA7C /* ApiTwitterTests-Prefix.pch */,
			);
			name = "Supporting Files";
			sourceTree = "<group>";
		};
/* End PBXGroup section */

/* Begin PBXNativeTarget section */
		FCD72D3A137C23C10073EA7C /* ApiTwitter */ = {
			isa = PBXNativeTarget;
			buildConfigurationList = FCD72D78137C23C20073EA7C /* Build configuration list for PBXNativeTarget "ApiTwitter" */;
			buildPhases = (
				FCD72D37137C23C10073EA7C /* Sources */,
				FCD72D38137C23C10073EA7C /* Frameworks */,
				FCD72D39137C23C10073EA7C /* Resources */,
			);
			buildRules = (
			);
			dependencies = (
			);
			name = ApiTwitter;
			productName = ApiTwitter;
			productReference = FCD72D3B137C23C10073EA7C /* ApiTwitter.app */;
			productType = "com.apple.product-type.application";
		};
		FCD72D63137C23C10073EA7C /* ApiTwitterTests */ = {
			isa = PBXNativeTarget;
			buildConfigurationList = FCD72D7B137C23C20073EA7C /* Build configuration list for PBXNativeTarget "ApiTwitterTests" */;
			buildPhases = (
				FCD72D5F137C23C10073EA7C /* Sources */,
				FCD72D60137C23C10073EA7C /* Frameworks */,
				FCD72D61137C23C10073EA7C /* Resources */,
				FCD72D62137C23C10073EA7C /* ShellScript */,
			);
			buildRules = (
			);
			dependencies = (
				FCD72D6A137C23C20073EA7C /* PBXTargetDependency */,
			);
			name = ApiTwitterTests;
			productName = ApiTwitterTests;
			productReference = FCD72D64137C23C20073EA7C /* ApiTwitterTests.octest */;
			productType = "com.apple.product-type.bundle";
		};
/* End PBXNativeTarget section */

/* Begin PBXProject section */
		FCD72D32137C23C00073EA7C /* Project object */ = {
			isa = PBXProject;
			attributes = {
				ORGANIZATIONNAME = ArquiConsult;
			};
			buildConfigurationList = FCD72D35137C23C00073EA7C /* Build configuration list for PBXProject "ApiTwitter" */;
			compatibilityVersion = "Xcode 3.2";
			developmentRegion = English;
			hasScannedForEncodings = 0;
			knownRegions = (
				en,
			);
			mainGroup = FCD72D30137C23C00073EA7C;
			productRefGroup = FCD72D3C137C23C10073EA7C /* Products */;
			projectDirPath = "";
			projectRoot = "";
			targets = (
				FCD72D3A137C23C10073EA7C /* ApiTwitter */,
				FCD72D63137C23C10073EA7C /* ApiTwitterTests */,
			);
		};
/* End PBXProject section */

/* Begin PBXResourcesBuildPhase section */
		FCD72D39137C23C10073EA7C /* Resources */ = {
			isa = PBXResourcesBuildPhase;
			buildActionMask = 2147483647;
			files = (
				FCD72D4C137C23C10073EA7C /* InfoPlist.strings in Resources */,
				FCD72D58137C23C10073EA7C /* MainWindow.xib in Resources */,
				FCD72D5E137C23C10073EA7C /* RootViewController.xib in Resources */,
			);
			runOnlyForDeploymentPostprocessing = 0;
		};
		FCD72D61137C23C10073EA7C /* Resources */ = {
			isa = PBXResourcesBuildPhase;
			buildActionMask = 2147483647;
			files = (
				FCD72D70137C23C20073EA7C /* InfoPlist.strings in Resources */,
				FCD72D73137C23C20073EA7C /* ApiTwitterTests.h in Resources */,
			);
			runOnlyForDeploymentPostprocessing = 0;
		};
/* End PBXResourcesBuildPhase section */

/* Begin PBXShellScriptBuildPhase section */
		FCD72D62137C23C10073EA7C /* ShellScript */ = {
			isa = PBXShellScriptBuildPhase;
			buildActionMask = 2147483647;
			files = (
			);
			inputPaths = (
			);
			outputPaths = (
			);
			runOnlyForDeploymentPostprocessing = 0;
			shellPath = /bin/sh;
			shellScript = "# Run the unit tests in this test bundle.\n\"${SYSTEM_DEVELOPER_DIR}/Tools/RunUnitTests\"\n";
		};
/* End PBXShellScriptBuildPhase section */

/* Begin PBXSourcesBuildPhase section */
		FCD72D37137C23C10073EA7C /* Sources */ = {
			isa = PBXSourcesBuildPhase;
			buildActionMask = 2147483647;
			files = (
				FCD72D4F137C23C10073EA7C /* main.m in Sources */,
				FCD72D52137C23C10073EA7C /* ApiTwitterAppDelegate.m in Sources */,
				FCD72D55137C23C10073EA7C /* ApiTwitter.xcdatamodeld in Sources */,
				FCD72D5B137C23C10073EA7C /* RootViewController.m in Sources */,
			);
			runOnlyForDeploymentPostprocessing = 0;
		};
		FCD72D5F137C23C10073EA7C /* Sources */ = {
			isa = PBXSourcesBuildPhase;
			buildActionMask = 2147483647;
			files = (
				FCD72D75137C23C20073EA7C /* ApiTwitterTests.m in Sources */,
			);
			runOnlyForDeploymentPostprocessing = 0;
		};
/* End PBXSourcesBuildPhase section */

/* Begin PBXTargetDependency section */
		FCD72D6A137C23C20073EA7C /* PBXTargetDependency */ = {
			isa = PBXTargetDependency;
			target = FCD72D3A137C23C10073EA7C /* ApiTwitter */;
			targetProxy = FCD72D69137C23C20073EA7C /* PBXContainerItemProxy */;
		};
/* End PBXTargetDependency section */

/* Begin PBXVariantGroup section */
		FCD72D4A137C23C10073EA7C /* InfoPlist.strings */ = {
			isa = PBXVariantGroup;
			children = (
				FCD72D4B137C23C10073EA7C /* en */,
			);
			name = InfoPlist.strings;
			sourceTree = "<group>";
		};
		FCD72D56137C23C10073EA7C /* MainWindow.xib */ = {
			isa = PBXVariantGroup;
			children = (
				FCD72D57137C23C10073EA7C /* en */,
			);
			name = MainWindow.xib;
			sourceTree = "<group>";
		};
		FCD72D5C137C23C10073EA7C /* RootViewController.xib */ = {
			isa = PBXVariantGroup;
			children = (
				FCD72D5D137C23C10073EA7C /* en */,
			);
			name = RootViewController.xib;
			sourceTree = "<group>";
		};
		FCD72D6E137C23C20073EA7C /* InfoPlist.strings */ = {
			isa = PBXVariantGroup;
			children = (
				FCD72D6F137C23C20073EA7C /* en */,
			);
			name = InfoPlist.strings;
			sourceTree = "<group>";
		};
/* End PBXVariantGroup section */

/* Begin XCBuildConfiguration section */
		FCD72D76137C23C20073EA7C /* Debug */ = {
			isa = XCBuildConfiguration;
			buildSettings = {
				ARCHS = "$(ARCHS_STANDARD_32_BIT)";
				"CODE_SIGN_IDENTITY[sdk=iphoneos*]" = "iPhone Developer";
				GCC_C_LANGUAGE_STANDARD = gnu99;
				GCC_OPTIMIZATION_LEVEL = 0;
				GCC_PREPROCESSOR_DEFINITIONS = DEBUG;
				GCC_SYMBOLS_PRIVATE_EXTERN = NO;
				GCC_VERSION = com.apple.compilers.llvmgcc42;
				GCC_WARN_ABOUT_RETURN_TYPE = YES;
				GCC_WARN_UNUSED_VARIABLE = YES;
				IPHONEOS_DEPLOYMENT_TARGET = 4.3;
				SDKROOT = iphoneos;
			};
			name = Debug;
		};
		FCD72D77137C23C20073EA7C /* Release */ = {
			isa = XCBuildConfiguration;
			buildSettings = {
				ARCHS = "$(ARCHS_STANDARD_32_BIT)";
				"CODE_SIGN_IDENTITY[sdk=iphoneos*]" = "iPhone Developer";
				GCC_C_LANGUAGE_STANDARD = gnu99;
				GCC_VERSION = com.apple.compilers.llvmgcc42;
				GCC_WARN_ABOUT_RETURN_TYPE = YES;
				GCC_WARN_UNUSED_VARIABLE = YES;
				IPHONEOS_DEPLOYMENT_TARGET = 4.3;
				OTHER_CFLAGS = "-DNS_BLOCK_ASSERTIONS=1";
				SDKROOT = iphoneos;
			};
			name = Release;
		};
		FCD72D79137C23C20073EA7C /* Debug */ = {
			isa = XCBuildConfiguration;
			buildSettings = {
				ALWAYS_SEARCH_USER_PATHS = NO;
				COPY_PHASE_STRIP = NO;
				GCC_DYNAMIC_NO_PIC = NO;
				GCC_PRECOMPILE_PREFIX_HEADER = YES;
				GCC_PREFIX_HEADER = "ApiTwitter/ApiTwitter-Prefix.pch";
				INFOPLIST_FILE = "ApiTwitter/ApiTwitter-Info.plist";
				PRODUCT_NAME = "$(TARGET_NAME)";
				WRAPPER_EXTENSION = app;
			};
			name = Debug;
		};
		FCD72D7A137C23C20073EA7C /* Release */ = {
			isa = XCBuildConfiguration;
			buildSettings = {
				ALWAYS_SEARCH_USER_PATHS = NO;
				COPY_PHASE_STRIP = YES;
				GCC_PRECOMPILE_PREFIX_HEADER = YES;
				GCC_PREFIX_HEADER = "ApiTwitter/ApiTwitter-Prefix.pch";
				INFOPLIST_FILE = "ApiTwitter/ApiTwitter-Info.plist";
				PRODUCT_NAME = "$(TARGET_NAME)";
				VALIDATE_PRODUCT = YES;
				WRAPPER_EXTENSION = app;
			};
			name = Release;
		};
		FCD72D7C137C23C20073EA7C /* Debug */ = {
			isa = XCBuildConfiguration;
			buildSettings = {
				ALWAYS_SEARCH_USER_PATHS = NO;
				BUNDLE_LOADER = "$(BUILT_PRODUCTS_DIR)/ApiTwitter.app/ApiTwitter";
				FRAMEWORK_SEARCH_PATHS = (
					"$(SDKROOT)/Developer/Library/Frameworks",
					"$(DEVELOPER_LIBRARY_DIR)/Frameworks",
				);
				GCC_PRECOMPILE_PREFIX_HEADER = YES;
				GCC_PREFIX_HEADER = "ApiTwitterTests/ApiTwitterTests-Prefix.pch";
				INFOPLIST_FILE = "ApiTwitterTests/ApiTwitterTests-Info.plist";
				OTHER_LDFLAGS = (
					"-framework",
					SenTestingKit,
				);
				PRODUCT_NAME = "$(TARGET_NAME)";
				TEST_HOST = "$(BUNDLE_LOADER)";
				WRAPPER_EXTENSION = octest;
			};
			name = Debug;
		};
		FCD72D7D137C23C20073EA7C /* Release */ = {
			isa = XCBuildConfiguration;
			buildSettings = {
				ALWAYS_SEARCH_USER_PATHS = NO;
				BUNDLE_LOADER = "$(BUILT_PRODUCTS_DIR)/ApiTwitter.app/ApiTwitter";
				FRAMEWORK_SEARCH_PATHS = (
					"$(SDKROOT)/Developer/Library/Frameworks",
					"$(DEVELOPER_LIBRARY_DIR)/Frameworks",
				);
				GCC_PRECOMPILE_PREFIX_HEADER = YES;
				GCC_PREFIX_HEADER = "ApiTwitterTests/ApiTwitterTests-Prefix.pch";
				INFOPLIST_FILE = "ApiTwitterTests/ApiTwitterTests-Info.plist";
				OTHER_LDFLAGS = (
					"-framework",
					SenTestingKit,
				);
				PRODUCT_NAME = "$(TARGET_NAME)";
				TEST_HOST = "$(BUNDLE_LOADER)";
				WRAPPER_EXTENSION = octest;
			};
			name = Release;
		};
/* End XCBuildConfiguration section */

/* Begin XCConfigurationList section */
		FCD72D35137C23C00073EA7C /* Build configuration list for PBXProject "ApiTwitter" */ = {
			isa = XCConfigurationList;
			buildConfigurations = (
				FCD72D76137C23C20073EA7C /* Debug */,
				FCD72D77137C23C20073EA7C /* Release */,
			);
			defaultConfigurationIsVisible = 0;
			defaultConfigurationName = Release;
		};
		FCD72D78137C23C20073EA7C /* Build configuration list for PBXNativeTarget "ApiTwitter" */ = {
			isa = XCConfigurationList;
			buildConfigurations = (
				FCD72D79137C23C20073EA7C /* Debug */,
				FCD72D7A137C23C20073EA7C /* Release */,
			);
			defaultConfigurationIsVisible = 0;
		};
		FCD72D7B137C23C20073EA7C /* Build configuration list for PBXNativeTarget "ApiTwitterTests" */ = {
			isa = XCConfigurationList;
			buildConfigurations = (
				FCD72D7C137C23C20073EA7C /* Debug */,
				FCD72D7D137C23C20073EA7C /* Release */,
			);
			defaultConfigurationIsVisible = 0;
		};
/* End XCConfigurationList section */

/* Begin XCVersionGroup section */
		FCD72D53137C23C10073EA7C /* ApiTwitter.xcdatamodeld */ = {
			isa = XCVersionGroup;
			children = (
				FCD72D54137C23C10073EA7C /* ApiTwitter.xcdatamodel */,
			);
			currentVersion = FCD72D54137C23C10073EA7C /* ApiTwitter.xcdatamodel */;
			path = ApiTwitter.xcdatamodeld;
			sourceTree = "<group>";
			versionGroupType = wrapper.xcdatamodel;
		};
/* End XCVersionGroup section */
	};
	rootObject = FCD72D32137C23C00073EA7C /* Project object */;
}
