// !$*UTF8*$!
{
	archiveVersion = 1;
	classes = {
	};
	objectVersion = 46;
	objects = {

/* Begin PBXBuildFile section */
		FC20E9571384260F00736692 /* poolbird.png in Resources */ = {isa = PBXBuildFile; fileRef = FC20E9551384260F00736692 /* poolbird.png */; };
		FC20E9581384260F00736692 /* tweet_blue.png in Resources */ = {isa = PBXBuildFile; fileRef = FC20E9561384260F00736692 /* tweet_blue.png */; };
		FC78601E137D999F00A68A98 /* UIKit.framework in Frameworks */ = {isa = PBXBuildFile; fileRef = FC78601D137D999F00A68A98 /* UIKit.framework */; };
		FC786020137D999F00A68A98 /* Foundation.framework in Frameworks */ = {isa = PBXBuildFile; fileRef = FC78601F137D999F00A68A98 /* Foundation.framework */; };
		FC786022137D999F00A68A98 /* CoreGraphics.framework in Frameworks */ = {isa = PBXBuildFile; fileRef = FC786021137D999F00A68A98 /* CoreGraphics.framework */; };
		FC786028137D999F00A68A98 /* InfoPlist.strings in Resources */ = {isa = PBXBuildFile; fileRef = FC786026137D999F00A68A98 /* InfoPlist.strings */; };
		FC78602B137D999F00A68A98 /* main.m in Sources */ = {isa = PBXBuildFile; fileRef = FC78602A137D999F00A68A98 /* main.m */; };
		FC78602E137D999F00A68A98 /* TwitterAPIConnAppDelegate.m in Sources */ = {isa = PBXBuildFile; fileRef = FC78602D137D999F00A68A98 /* TwitterAPIConnAppDelegate.m */; };
		FC786031137D999F00A68A98 /* MainWindow.xib in Resources */ = {isa = PBXBuildFile; fileRef = FC78602F137D999F00A68A98 /* MainWindow.xib */; };
		FC786034137D999F00A68A98 /* TwitterAPIConnViewController.m in Sources */ = {isa = PBXBuildFile; fileRef = FC786033137D999F00A68A98 /* TwitterAPIConnViewController.m */; };
		FC786037137D999F00A68A98 /* TwitterAPIConnViewController.xib in Resources */ = {isa = PBXBuildFile; fileRef = FC786035137D999F00A68A98 /* TwitterAPIConnViewController.xib */; };
		FC78603E137D99A000A68A98 /* UIKit.framework in Frameworks */ = {isa = PBXBuildFile; fileRef = FC78601D137D999F00A68A98 /* UIKit.framework */; };
		FC78603F137D99A000A68A98 /* Foundation.framework in Frameworks */ = {isa = PBXBuildFile; fileRef = FC78601F137D999F00A68A98 /* Foundation.framework */; };
		FC786040137D99A000A68A98 /* CoreGraphics.framework in Frameworks */ = {isa = PBXBuildFile; fileRef = FC786021137D999F00A68A98 /* CoreGraphics.framework */; };
		FC786048137D99A000A68A98 /* InfoPlist.strings in Resources */ = {isa = PBXBuildFile; fileRef = FC786046137D99A000A68A98 /* InfoPlist.strings */; };
		FC78604B137D99A000A68A98 /* TwitterAPIConnTests.h in Resources */ = {isa = PBXBuildFile; fileRef = FC78604A137D99A000A68A98 /* TwitterAPIConnTests.h */; };
		FC78604D137D99A000A68A98 /* TwitterAPIConnTests.m in Sources */ = {isa = PBXBuildFile; fileRef = FC78604C137D99A000A68A98 /* TwitterAPIConnTests.m */; };
		FC786062137D99B900A68A98 /* NSObject+SBJSON.m in Sources */ = {isa = PBXBuildFile; fileRef = FC786059137D99B900A68A98 /* NSObject+SBJSON.m */; };
		FC786063137D99B900A68A98 /* NSString+SBJSON.m in Sources */ = {isa = PBXBuildFile; fileRef = FC78605B137D99B900A68A98 /* NSString+SBJSON.m */; };
		FC786064137D99B900A68A98 /* SBJsonBase.m in Sources */ = {isa = PBXBuildFile; fileRef = FC78605D137D99B900A68A98 /* SBJsonBase.m */; };
		FC786065137D99B900A68A98 /* SBJsonParser.m in Sources */ = {isa = PBXBuildFile; fileRef = FC78605F137D99B900A68A98 /* SBJsonParser.m */; };
		FC786066137D99B900A68A98 /* SBJsonWriter.m in Sources */ = {isa = PBXBuildFile; fileRef = FC786061137D99B900A68A98 /* SBJsonWriter.m */; };
		FCB76257138518F000C410BD /* Icon.png in Resources */ = {isa = PBXBuildFile; fileRef = FCB76256138518F000C410BD /* Icon.png */; };
		FCB7627213854DFA00C410BD /* SettingsTwitter.bundle in Resources */ = {isa = PBXBuildFile; fileRef = FCB7627113854DFA00C410BD /* SettingsTwitter.bundle */; };
/* End PBXBuildFile section */

/* Begin PBXContainerItemProxy section */
		FC786041137D99A000A68A98 /* PBXContainerItemProxy */ = {
			isa = PBXContainerItemProxy;
			containerPortal = FC786010137D999F00A68A98 /* Project object */;
			proxyType = 1;
			remoteGlobalIDString = FC786018137D999F00A68A98;
			remoteInfo = TwitterAPIConn;
		};
/* End PBXContainerItemProxy section */

/* Begin PBXFileReference section */
		FC20E9551384260F00736692 /* poolbird.png */ = {isa = PBXFileReference; lastKnownFileType = image.png; path = poolbird.png; sourceTree = "<group>"; };
		FC20E9561384260F00736692 /* tweet_blue.png */ = {isa = PBXFileReference; lastKnownFileType = image.png; path = tweet_blue.png; sourceTree = "<group>"; };
		FC786019137D999F00A68A98 /* TwitterAPIConn.app */ = {isa = PBXFileReference; explicitFileType = wrapper.application; includeInIndex = 0; path = TwitterAPIConn.app; sourceTree = BUILT_PRODUCTS_DIR; };
		FC78601D137D999F00A68A98 /* UIKit.framework */ = {isa = PBXFileReference; lastKnownFileType = wrapper.framework; name = UIKit.framework; path = System/Library/Frameworks/UIKit.framework; sourceTree = SDKROOT; };
		FC78601F137D999F00A68A98 /* Foundation.framework */ = {isa = PBXFileReference; lastKnownFileType = wrapper.framework; name = Foundation.framework; path = System/Library/Frameworks/Foundation.framework; sourceTree = SDKROOT; };
		FC786021137D999F00A68A98 /* CoreGraphics.framework */ = {isa = PBXFileReference; lastKnownFileType = wrapper.framework; name = CoreGraphics.framework; path = System/Library/Frameworks/CoreGraphics.framework; sourceTree = SDKROOT; };
		FC786025137D999F00A68A98 /* TwitterAPIConn-Info.plist */ = {isa = PBXFileReference; lastKnownFileType = text.plist.xml; path = "TwitterAPIConn-Info.plist"; sourceTree = "<group>"; };
		FC786027137D999F00A68A98 /* en */ = {isa = PBXFileReference; lastKnownFileType = text.plist.strings; name = en; path = en.lproj/InfoPlist.strings; sourceTree = "<group>"; };
		FC786029137D999F00A68A98 /* TwitterAPIConn-Prefix.pch */ = {isa = PBXFileReference; lastKnownFileType = sourcecode.c.h; path = "TwitterAPIConn-Prefix.pch"; sourceTree = "<group>"; };
		FC78602A137D999F00A68A98 /* main.m */ = {isa = PBXFileReference; lastKnownFileType = sourcecode.c.objc; path = main.m; sourceTree = "<group>"; };
		FC78602C137D999F00A68A98 /* TwitterAPIConnAppDelegate.h */ = {isa = PBXFileReference; lastKnownFileType = sourcecode.c.h; path = TwitterAPIConnAppDelegate.h; sourceTree = "<group>"; };
		FC78602D137D999F00A68A98 /* TwitterAPIConnAppDelegate.m */ = {isa = PBXFileReference; lastKnownFileType = sourcecode.c.objc; path = TwitterAPIConnAppDelegate.m; sourceTree = "<group>"; };
		FC786030137D999F00A68A98 /* en */ = {isa = PBXFileReference; lastKnownFileType = file.xib; name = en; path = en.lproj/MainWindow.xib; sourceTree = "<group>"; };
		FC786032137D999F00A68A98 /* TwitterAPIConnViewController.h */ = {isa = PBXFileReference; lastKnownFileType = sourcecode.c.h; path = TwitterAPIConnViewController.h; sourceTree = "<group>"; };
		FC786033137D999F00A68A98 /* TwitterAPIConnViewController.m */ = {isa = PBXFileReference; lastKnownFileType = sourcecode.c.objc; path = TwitterAPIConnViewController.m; sourceTree = "<group>"; };
		FC786036137D999F00A68A98 /* en */ = {isa = PBXFileReference; lastKnownFileType = file.xib; name = en; path = en.lproj/TwitterAPIConnViewController.xib; sourceTree = "<group>"; };
		FC78603D137D99A000A68A98 /* TwitterAPIConnTests.octest */ = {isa = PBXFileReference; explicitFileType = wrapper.cfbundle; includeInIndex = 0; path = TwitterAPIConnTests.octest; sourceTree = BUILT_PRODUCTS_DIR; };
		FC786045137D99A000A68A98 /* TwitterAPIConnTests-Info.plist */ = {isa = PBXFileReference; lastKnownFileType = text.plist.xml; path = "TwitterAPIConnTests-Info.plist"; sourceTree = "<group>"; };
		FC786047137D99A000A68A98 /* en */ = {isa = PBXFileReference; lastKnownFileType = text.plist.strings; name = en; path = en.lproj/InfoPlist.strings; sourceTree = "<group>"; };
		FC786049137D99A000A68A98 /* TwitterAPIConnTests-Prefix.pch */ = {isa = PBXFileReference; lastKnownFileType = sourcecode.c.h; path = "TwitterAPIConnTests-Prefix.pch"; sourceTree = "<group>"; };
		FC78604A137D99A000A68A98 /* TwitterAPIConnTests.h */ = {isa = PBXFileReference; lastKnownFileType = sourcecode.c.h; path = TwitterAPIConnTests.h; sourceTree = "<group>"; };
		FC78604C137D99A000A68A98 /* TwitterAPIConnTests.m */ = {isa = PBXFileReference; lastKnownFileType = sourcecode.c.objc; path = TwitterAPIConnTests.m; sourceTree = "<group>"; };
		FC786057137D99B900A68A98 /* JSON.h */ = {isa = PBXFileReference; fileEncoding = 4; lastKnownFileType = sourcecode.c.h; path = JSON.h; sourceTree = "<group>"; };
		FC786058137D99B900A68A98 /* NSObject+SBJSON.h */ = {isa = PBXFileReference; fileEncoding = 4; lastKnownFileType = sourcecode.c.h; path = "NSObject+SBJSON.h"; sourceTree = "<group>"; };
		FC786059137D99B900A68A98 /* NSObject+SBJSON.m */ = {isa = PBXFileReference; fileEncoding = 4; lastKnownFileType = sourcecode.c.objc; path = "NSObject+SBJSON.m"; sourceTree = "<group>"; };
		FC78605A137D99B900A68A98 /* NSString+SBJSON.h */ = {isa = PBXFileReference; fileEncoding = 4; lastKnownFileType = sourcecode.c.h; path = "NSString+SBJSON.h"; sourceTree = "<group>"; };
		FC78605B137D99B900A68A98 /* NSString+SBJSON.m */ = {isa = PBXFileReference; fileEncoding = 4; lastKnownFileType = sourcecode.c.objc; path = "NSString+SBJSON.m"; sourceTree = "<group>"; };
		FC78605C137D99B900A68A98 /* SBJsonBase.h */ = {isa = PBXFileReference; fileEncoding = 4; lastKnownFileType = sourcecode.c.h; path = SBJsonBase.h; sourceTree = "<group>"; };
		FC78605D137D99B900A68A98 /* SBJsonBase.m */ = {isa = PBXFileReference; fileEncoding = 4; lastKnownFileType = sourcecode.c.objc; path = SBJsonBase.m; sourceTree = "<group>"; };
		FC78605E137D99B900A68A98 /* SBJsonParser.h */ = {isa = PBXFileReference; fileEncoding = 4; lastKnownFileType = sourcecode.c.h; path = SBJsonParser.h; sourceTree = "<group>"; };
		FC78605F137D99B900A68A98 /* SBJsonParser.m */ = {isa = PBXFileReference; fileEncoding = 4; lastKnownFileType = sourcecode.c.objc; path = SBJsonParser.m; sourceTree = "<group>"; };
		FC786060137D99B900A68A98 /* SBJsonWriter.h */ = {isa = PBXFileReference; fileEncoding = 4; lastKnownFileType = sourcecode.c.h; path = SBJsonWriter.h; sourceTree = "<group>"; };
		FC786061137D99B900A68A98 /* SBJsonWriter.m */ = {isa = PBXFileReference; fileEncoding = 4; lastKnownFileType = sourcecode.c.objc; path = SBJsonWriter.m; sourceTree = "<group>"; };
		FCB76256138518F000C410BD /* Icon.png */ = {isa = PBXFileReference; lastKnownFileType = image.png; path = Icon.png; sourceTree = "<group>"; };
		FCB7627113854DFA00C410BD /* SettingsTwitter.bundle */ = {isa = PBXFileReference; lastKnownFileType = "wrapper.plug-in"; path = SettingsTwitter.bundle; sourceTree = "<group>"; };
/* End PBXFileReference section */

/* Begin PBXFrameworksBuildPhase section */
		FC786016137D999F00A68A98 /* Frameworks */ = {
			isa = PBXFrameworksBuildPhase;
			buildActionMask = 2147483647;
			files = (
				FC78601E137D999F00A68A98 /* UIKit.framework in Frameworks */,
				FC786020137D999F00A68A98 /* Foundation.framework in Frameworks */,
				FC786022137D999F00A68A98 /* CoreGraphics.framework in Frameworks */,
			);
			runOnlyForDeploymentPostprocessing = 0;
		};
		FC786039137D999F00A68A98 /* Frameworks */ = {
			isa = PBXFrameworksBuildPhase;
			buildActionMask = 2147483647;
			files = (
				FC78603E137D99A000A68A98 /* UIKit.framework in Frameworks */,
				FC78603F137D99A000A68A98 /* Foundation.framework in Frameworks */,
				FC786040137D99A000A68A98 /* CoreGraphics.framework in Frameworks */,
			);
			runOnlyForDeploymentPostprocessing = 0;
		};
/* End PBXFrameworksBuildPhase section */

/* Begin PBXGroup section */
		FC78600E137D999F00A68A98 = {
			isa = PBXGroup;
			children = (
				FC786023137D999F00A68A98 /* TwitterAPIConn */,
				FC786043137D99A000A68A98 /* TwitterAPIConnTests */,
				FC78601C137D999F00A68A98 /* Frameworks */,
				FC78601A137D999F00A68A98 /* Products */,
			);
			sourceTree = "<group>";
		};
		FC78601A137D999F00A68A98 /* Products */ = {
			isa = PBXGroup;
			children = (
				FC786019137D999F00A68A98 /* TwitterAPIConn.app */,
				FC78603D137D99A000A68A98 /* TwitterAPIConnTests.octest */,
			);
			name = Products;
			sourceTree = "<group>";
		};
		FC78601C137D999F00A68A98 /* Frameworks */ = {
			isa = PBXGroup;
			children = (
				FC78601D137D999F00A68A98 /* UIKit.framework */,
				FC78601F137D999F00A68A98 /* Foundation.framework */,
				FC786021137D999F00A68A98 /* CoreGraphics.framework */,
			);
			name = Frameworks;
			sourceTree = "<group>";
		};
		FC786023137D999F00A68A98 /* TwitterAPIConn */ = {
			isa = PBXGroup;
			children = (
				FCB76256138518F000C410BD /* Icon.png */,
				FC20E9551384260F00736692 /* poolbird.png */,
				FC20E9561384260F00736692 /* tweet_blue.png */,
				FC786056137D99B900A68A98 /* JSON */,
				FC78602C137D999F00A68A98 /* TwitterAPIConnAppDelegate.h */,
				FC78602D137D999F00A68A98 /* TwitterAPIConnAppDelegate.m */,
				FC78602F137D999F00A68A98 /* MainWindow.xib */,
				FC786032137D999F00A68A98 /* TwitterAPIConnViewController.h */,
				FC786033137D999F00A68A98 /* TwitterAPIConnViewController.m */,
				FC786035137D999F00A68A98 /* TwitterAPIConnViewController.xib */,
				FC786024137D999F00A68A98 /* Supporting Files */,
				FCB7627113854DFA00C410BD /* SettingsTwitter.bundle */,
			);
			path = TwitterAPIConn;
			sourceTree = "<group>";
		};
		FC786024137D999F00A68A98 /* Supporting Files */ = {
			isa = PBXGroup;
			children = (
				FC786025137D999F00A68A98 /* TwitterAPIConn-Info.plist */,
				FC786026137D999F00A68A98 /* InfoPlist.strings */,
				FC786029137D999F00A68A98 /* TwitterAPIConn-Prefix.pch */,
				FC78602A137D999F00A68A98 /* main.m */,
			);
			name = "Supporting Files";
			sourceTree = "<group>";
		};
		FC786043137D99A000A68A98 /* TwitterAPIConnTests */ = {
			isa = PBXGroup;
			children = (
				FC78604A137D99A000A68A98 /* TwitterAPIConnTests.h */,
				FC78604C137D99A000A68A98 /* TwitterAPIConnTests.m */,
				FC786044137D99A000A68A98 /* Supporting Files */,
			);
			path = TwitterAPIConnTests;
			sourceTree = "<group>";
		};
		FC786044137D99A000A68A98 /* Supporting Files */ = {
			isa = PBXGroup;
			children = (
				FC786045137D99A000A68A98 /* TwitterAPIConnTests-Info.plist */,
				FC786046137D99A000A68A98 /* InfoPlist.strings */,
				FC786049137D99A000A68A98 /* TwitterAPIConnTests-Prefix.pch */,
			);
			name = "Supporting Files";
			sourceTree = "<group>";
		};
		FC786056137D99B900A68A98 /* JSON */ = {
			isa = PBXGroup;
			children = (
				FC786057137D99B900A68A98 /* JSON.h */,
				FC786058137D99B900A68A98 /* NSObject+SBJSON.h */,
				FC786059137D99B900A68A98 /* NSObject+SBJSON.m */,
				FC78605A137D99B900A68A98 /* NSString+SBJSON.h */,
				FC78605B137D99B900A68A98 /* NSString+SBJSON.m */,
				FC78605C137D99B900A68A98 /* SBJsonBase.h */,
				FC78605D137D99B900A68A98 /* SBJsonBase.m */,
				FC78605E137D99B900A68A98 /* SBJsonParser.h */,
				FC78605F137D99B900A68A98 /* SBJsonParser.m */,
				FC786060137D99B900A68A98 /* SBJsonWriter.h */,
				FC786061137D99B900A68A98 /* SBJsonWriter.m */,
			);
			path = JSON;
			sourceTree = "<group>";
		};
/* End PBXGroup section */

/* Begin PBXNativeTarget section */
		FC786018137D999F00A68A98 /* TwitterAPIConn */ = {
			isa = PBXNativeTarget;
			buildConfigurationList = FC786050137D99A000A68A98 /* Build configuration list for PBXNativeTarget "TwitterAPIConn" */;
			buildPhases = (
				FC786015137D999F00A68A98 /* Sources */,
				FC786016137D999F00A68A98 /* Frameworks */,
				FC786017137D999F00A68A98 /* Resources */,
			);
			buildRules = (
			);
			dependencies = (
			);
			name = TwitterAPIConn;
			productName = TwitterAPIConn;
			productReference = FC786019137D999F00A68A98 /* TwitterAPIConn.app */;
			productType = "com.apple.product-type.application";
		};
		FC78603C137D999F00A68A98 /* TwitterAPIConnTests */ = {
			isa = PBXNativeTarget;
			buildConfigurationList = FC786053137D99A000A68A98 /* Build configuration list for PBXNativeTarget "TwitterAPIConnTests" */;
			buildPhases = (
				FC786038137D999F00A68A98 /* Sources */,
				FC786039137D999F00A68A98 /* Frameworks */,
				FC78603A137D999F00A68A98 /* Resources */,
				FC78603B137D999F00A68A98 /* ShellScript */,
			);
			buildRules = (
			);
			dependencies = (
				FC786042137D99A000A68A98 /* PBXTargetDependency */,
			);
			name = TwitterAPIConnTests;
			productName = TwitterAPIConnTests;
			productReference = FC78603D137D99A000A68A98 /* TwitterAPIConnTests.octest */;
			productType = "com.apple.product-type.bundle";
		};
/* End PBXNativeTarget section */

/* Begin PBXProject section */
		FC786010137D999F00A68A98 /* Project object */ = {
			isa = PBXProject;
			attributes = {
				ORGANIZATIONNAME = ArquiConsult;
			};
			buildConfigurationList = FC786013137D999F00A68A98 /* Build configuration list for PBXProject "TwitterAPIConn" */;
			compatibilityVersion = "Xcode 3.2";
			developmentRegion = English;
			hasScannedForEncodings = 0;
			knownRegions = (
				en,
			);
			mainGroup = FC78600E137D999F00A68A98;
			productRefGroup = FC78601A137D999F00A68A98 /* Products */;
			projectDirPath = "";
			projectRoot = "";
			targets = (
				FC786018137D999F00A68A98 /* TwitterAPIConn */,
				FC78603C137D999F00A68A98 /* TwitterAPIConnTests */,
			);
		};
/* End PBXProject section */

/* Begin PBXResourcesBuildPhase section */
		FC786017137D999F00A68A98 /* Resources */ = {
			isa = PBXResourcesBuildPhase;
			buildActionMask = 2147483647;
			files = (
				FC786028137D999F00A68A98 /* InfoPlist.strings in Resources */,
				FC786031137D999F00A68A98 /* MainWindow.xib in Resources */,
				FC786037137D999F00A68A98 /* TwitterAPIConnViewController.xib in Resources */,
				FC20E9571384260F00736692 /* poolbird.png in Resources */,
				FC20E9581384260F00736692 /* tweet_blue.png in Resources */,
				FCB76257138518F000C410BD /* Icon.png in Resources */,
				FCB7627213854DFA00C410BD /* SettingsTwitter.bundle in Resources */,
			);
			runOnlyForDeploymentPostprocessing = 0;
		};
		FC78603A137D999F00A68A98 /* Resources */ = {
			isa = PBXResourcesBuildPhase;
			buildActionMask = 2147483647;
			files = (
				FC786048137D99A000A68A98 /* InfoPlist.strings in Resources */,
				FC78604B137D99A000A68A98 /* TwitterAPIConnTests.h in Resources */,
			);
			runOnlyForDeploymentPostprocessing = 0;
		};
/* End PBXResourcesBuildPhase section */

/* Begin PBXShellScriptBuildPhase section */
		FC78603B137D999F00A68A98 /* ShellScript */ = {
			isa = PBXShellScriptBuildPhase;
			buildActionMask = 2147483647;
			files = (
			);
			inputPaths = (
			);
			outputPaths = (
			);
			runOnlyForDeploymentPostprocessing = 0;
			shellPath = /bin/sh;
			shellScript = "# Run the unit tests in this test bundle.\n\"${SYSTEM_DEVELOPER_DIR}/Tools/RunUnitTests\"\n";
		};
/* End PBXShellScriptBuildPhase section */

/* Begin PBXSourcesBuildPhase section */
		FC786015137D999F00A68A98 /* Sources */ = {
			isa = PBXSourcesBuildPhase;
			buildActionMask = 2147483647;
			files = (
				FC78602B137D999F00A68A98 /* main.m in Sources */,
				FC78602E137D999F00A68A98 /* TwitterAPIConnAppDelegate.m in Sources */,
				FC786034137D999F00A68A98 /* TwitterAPIConnViewController.m in Sources */,
				FC786062137D99B900A68A98 /* NSObject+SBJSON.m in Sources */,
				FC786063137D99B900A68A98 /* NSString+SBJSON.m in Sources */,
				FC786064137D99B900A68A98 /* SBJsonBase.m in Sources */,
				FC786065137D99B900A68A98 /* SBJsonParser.m in Sources */,
				FC786066137D99B900A68A98 /* SBJsonWriter.m in Sources */,
			);
			runOnlyForDeploymentPostprocessing = 0;
		};
		FC786038137D999F00A68A98 /* Sources */ = {
			isa = PBXSourcesBuildPhase;
			buildActionMask = 2147483647;
			files = (
				FC78604D137D99A000A68A98 /* TwitterAPIConnTests.m in Sources */,
			);
			runOnlyForDeploymentPostprocessing = 0;
		};
/* End PBXSourcesBuildPhase section */

/* Begin PBXTargetDependency section */
		FC786042137D99A000A68A98 /* PBXTargetDependency */ = {
			isa = PBXTargetDependency;
			target = FC786018137D999F00A68A98 /* TwitterAPIConn */;
			targetProxy = FC786041137D99A000A68A98 /* PBXContainerItemProxy */;
		};
/* End PBXTargetDependency section */

/* Begin PBXVariantGroup section */
		FC786026137D999F00A68A98 /* InfoPlist.strings */ = {
			isa = PBXVariantGroup;
			children = (
				FC786027137D999F00A68A98 /* en */,
			);
			name = InfoPlist.strings;
			sourceTree = "<group>";
		};
		FC78602F137D999F00A68A98 /* MainWindow.xib */ = {
			isa = PBXVariantGroup;
			children = (
				FC786030137D999F00A68A98 /* en */,
			);
			name = MainWindow.xib;
			sourceTree = "<group>";
		};
		FC786035137D999F00A68A98 /* TwitterAPIConnViewController.xib */ = {
			isa = PBXVariantGroup;
			children = (
				FC786036137D999F00A68A98 /* en */,
			);
			name = TwitterAPIConnViewController.xib;
			sourceTree = "<group>";
		};
		FC786046137D99A000A68A98 /* InfoPlist.strings */ = {
			isa = PBXVariantGroup;
			children = (
				FC786047137D99A000A68A98 /* en */,
			);
			name = InfoPlist.strings;
			sourceTree = "<group>";
		};
/* End PBXVariantGroup section */

/* Begin XCBuildConfiguration section */
		FC78604E137D99A000A68A98 /* Debug */ = {
			isa = XCBuildConfiguration;
			buildSettings = {
				ARCHS = "$(ARCHS_UNIVERSAL_IPHONE_OS)";
				"CODE_SIGN_IDENTITY[sdk=iphoneos*]" = "iPhone Developer";
				GCC_C_LANGUAGE_STANDARD = gnu99;
				GCC_OPTIMIZATION_LEVEL = 0;
				GCC_PREPROCESSOR_DEFINITIONS = DEBUG;
				GCC_SYMBOLS_PRIVATE_EXTERN = NO;
				GCC_VERSION = com.apple.compilers.llvmgcc42;
				GCC_WARN_ABOUT_RETURN_TYPE = YES;
				GCC_WARN_UNUSED_VARIABLE = YES;
				IPHONEOS_DEPLOYMENT_TARGET = 4.3;
				SDKROOT = iphoneos;
				TARGETED_DEVICE_FAMILY = 2;
			};
			name = Debug;
		};
		FC78604F137D99A000A68A98 /* Release */ = {
			isa = XCBuildConfiguration;
			buildSettings = {
				ARCHS = "$(ARCHS_UNIVERSAL_IPHONE_OS)";
				"CODE_SIGN_IDENTITY[sdk=iphoneos*]" = "iPhone Developer";
				GCC_C_LANGUAGE_STANDARD = gnu99;
				GCC_VERSION = com.apple.compilers.llvmgcc42;
				GCC_WARN_ABOUT_RETURN_TYPE = YES;
				GCC_WARN_UNUSED_VARIABLE = YES;
				IPHONEOS_DEPLOYMENT_TARGET = 4.3;
				OTHER_CFLAGS = "-DNS_BLOCK_ASSERTIONS=1";
				SDKROOT = iphoneos;
				TARGETED_DEVICE_FAMILY = 2;
			};
			name = Release;
		};
		FC786051137D99A000A68A98 /* Debug */ = {
			isa = XCBuildConfiguration;
			buildSettings = {
				ALWAYS_SEARCH_USER_PATHS = NO;
				COPY_PHASE_STRIP = NO;
				GCC_DYNAMIC_NO_PIC = NO;
				GCC_PRECOMPILE_PREFIX_HEADER = YES;
				GCC_PREFIX_HEADER = "TwitterAPIConn/TwitterAPIConn-Prefix.pch";
				INFOPLIST_FILE = "TwitterAPIConn/TwitterAPIConn-Info.plist";
				PRODUCT_NAME = "$(TARGET_NAME)";
				WRAPPER_EXTENSION = app;
			};
			name = Debug;
		};
		FC786052137D99A000A68A98 /* Release */ = {
			isa = XCBuildConfiguration;
			buildSettings = {
				ALWAYS_SEARCH_USER_PATHS = NO;
				COPY_PHASE_STRIP = YES;
				GCC_PRECOMPILE_PREFIX_HEADER = YES;
				GCC_PREFIX_HEADER = "TwitterAPIConn/TwitterAPIConn-Prefix.pch";
				INFOPLIST_FILE = "TwitterAPIConn/TwitterAPIConn-Info.plist";
				PRODUCT_NAME = "$(TARGET_NAME)";
				VALIDATE_PRODUCT = YES;
				WRAPPER_EXTENSION = app;
			};
			name = Release;
		};
		FC786054137D99A000A68A98 /* Debug */ = {
			isa = XCBuildConfiguration;
			buildSettings = {
				ALWAYS_SEARCH_USER_PATHS = NO;
				ARCHS = "$(ARCHS_STANDARD_32_BIT)";
				BUNDLE_LOADER = "$(BUILT_PRODUCTS_DIR)/TwitterAPIConn.app/TwitterAPIConn";
				FRAMEWORK_SEARCH_PATHS = (
					"$(SDKROOT)/Developer/Library/Frameworks",
					"$(DEVELOPER_LIBRARY_DIR)/Frameworks",
				);
				GCC_PRECOMPILE_PREFIX_HEADER = YES;
				GCC_PREFIX_HEADER = "TwitterAPIConnTests/TwitterAPIConnTests-Prefix.pch";
				INFOPLIST_FILE = "TwitterAPIConnTests/TwitterAPIConnTests-Info.plist";
				OTHER_LDFLAGS = (
					"-framework",
					SenTestingKit,
				);
				PRODUCT_NAME = "$(TARGET_NAME)";
				TEST_HOST = "$(BUNDLE_LOADER)";
				WRAPPER_EXTENSION = octest;
			};
			name = Debug;
		};
		FC786055137D99A000A68A98 /* Release */ = {
			isa = XCBuildConfiguration;
			buildSettings = {
				ALWAYS_SEARCH_USER_PATHS = NO;
				ARCHS = "$(ARCHS_STANDARD_32_BIT)";
				BUNDLE_LOADER = "$(BUILT_PRODUCTS_DIR)/TwitterAPIConn.app/TwitterAPIConn";
				FRAMEWORK_SEARCH_PATHS = (
					"$(SDKROOT)/Developer/Library/Frameworks",
					"$(DEVELOPER_LIBRARY_DIR)/Frameworks",
				);
				GCC_PRECOMPILE_PREFIX_HEADER = YES;
				GCC_PREFIX_HEADER = "TwitterAPIConnTests/TwitterAPIConnTests-Prefix.pch";
				INFOPLIST_FILE = "TwitterAPIConnTests/TwitterAPIConnTests-Info.plist";
				OTHER_LDFLAGS = (
					"-framework",
					SenTestingKit,
				);
				PRODUCT_NAME = "$(TARGET_NAME)";
				TEST_HOST = "$(BUNDLE_LOADER)";
				WRAPPER_EXTENSION = octest;
			};
			name = Release;
		};
/* End XCBuildConfiguration section */

/* Begin XCConfigurationList section */
		FC786013137D999F00A68A98 /* Build configuration list for PBXProject "TwitterAPIConn" */ = {
			isa = XCConfigurationList;
			buildConfigurations = (
				FC78604E137D99A000A68A98 /* Debug */,
				FC78604F137D99A000A68A98 /* Release */,
			);
			defaultConfigurationIsVisible = 0;
			defaultConfigurationName = Release;
		};
		FC786050137D99A000A68A98 /* Build configuration list for PBXNativeTarget "TwitterAPIConn" */ = {
			isa = XCConfigurationList;
			buildConfigurations = (
				FC786051137D99A000A68A98 /* Debug */,
				FC786052137D99A000A68A98 /* Release */,
			);
			defaultConfigurationIsVisible = 0;
			defaultConfigurationName = Release;
		};
		FC786053137D99A000A68A98 /* Build configuration list for PBXNativeTarget "TwitterAPIConnTests" */ = {
			isa = XCConfigurationList;
			buildConfigurations = (
				FC786054137D99A000A68A98 /* Debug */,
				FC786055137D99A000A68A98 /* Release */,
			);
			defaultConfigurationIsVisible = 0;
			defaultConfigurationName = Release;
		};
/* End XCConfigurationList section */
	};
	rootObject = FC786010137D999F00A68A98 /* Project object */;
}
